{
  "originHash" : "d526b956b2941e51520eb1a181d281939054defb03feb9302533a12952391e2e",
  "pins" : [
    {
      "identity" : "fluidaudio",
      "kind" : "remoteSourceControl",
      "location" : "https://github.com/FluidInference/FluidAudio.git",
      "state" : {
        "revision" : "a5eeed9a0d5699c765670b5f56704739beb32a76",
        "version" : "0.5.2"
      }
    }
  ],
  "version" : 3
}
