// !$*UTF8*$!
{
	archiveVersion = 1;
	classes = {
	};
	objectVersion = 56;
	objects = {

/* Begin PBXBuildFile section */
		156AB6BC30075C29006660E4 /* nexusApp.swift in Sources */ = {isa = PBXBuildFile; fileRef = 156AB6BB30075C29006660E4 /* nexusApp.swift */; };
		156AB6BE30075C29006660E4 /* ContentView.swift in Sources */ = {isa = PBXBuildFile; fileRef = 156AB6BD30075C29006660E4 /* ContentView.swift */; };
		A100000130075C29006660E4 /* ModelAggregatorView.swift in Sources */ = {isa = PBXBuildFile; fileRef = A100000230075C29006660E4 /* ModelAggregatorView.swift */; };
		A100000330075C29006660E4 /* SpeechTranscriber.swift in Sources */ = {isa = PBXBuildFile; fileRef = A100000430075C29006660E4 /* SpeechTranscriber.swift */; };
		A100000530075C29006660E4 /* NotchGeometry.swift in Sources */ = {isa = PBXBuildFile; fileRef = A100000630075C29006660E4 /* NotchGeometry.swift */; };
		A100000730075C29006660E4 /* NotchInteractionState.swift in Sources */ = {isa = PBXBuildFile; fileRef = A100000830075C29006660E4 /* NotchInteractionState.swift */; };
		B100000130075C29006660E4 /* Models.swift in Sources */ = {isa = PBXBuildFile; fileRef = B100000230075C29006660E4 /* Models.swift */; };
		B100000330075C29006660E4 /* OllamaManager.swift in Sources */ = {isa = PBXBuildFile; fileRef = B100000430075C29006660E4 /* OllamaManager.swift */; };
		B100000530075C29006660E4 /* ModelDownloadViewModel.swift in Sources */ = {isa = PBXBuildFile; fileRef = B100000630075C29006660E4 /* ModelDownloadViewModel.swift */; };
		B100000730075C29006660E4 /* ModelDownloadView.swift in Sources */ = {isa = PBXBuildFile; fileRef = B100000830075C29006660E4 /* ModelDownloadView.swift */; };
		C100000130075C29006660E4 /* ResponseSpeaker.swift in Sources */ = {isa = PBXBuildFile; fileRef = C100000230075C29006660E4 /* ResponseSpeaker.swift */; };
		D100000130075C29006660E4 /* RichMarkdownView.swift in Sources */ = {isa = PBXBuildFile; fileRef = D100000230075C29006660E4 /* RichMarkdownView.swift */; };
		E100000130075C29006660E4 /* KaTeX in Resources */ = {isa = PBXBuildFile; fileRef = E100000230075C29006660E4 /* KaTeX */; };
		F100000130075C29006660E4 /* PetAssets.swift in Sources */ = {isa = PBXBuildFile; fileRef = F100000230075C29006660E4 /* PetAssets.swift */; };
		F100000330075C29006660E4 /* Pets in Resources */ = {isa = PBXBuildFile; fileRef = F100000430075C29006660E4 /* Pets */; };
		U100000130075C29006660E4 /* Nexus3D in Resources */ = {isa = PBXBuildFile; fileRef = U100000230075C29006660E4 /* Nexus3D */; };
		G100000130075C29006660E4 /* NexusConnectModels.swift in Sources */ = {isa = PBXBuildFile; fileRef = G100000230075C29006660E4 /* NexusConnectModels.swift */; };
		M100000130075C29006660E4 /* NexusPairedNode.swift in Sources */ = {isa = PBXBuildFile; fileRef = M100000230075C29006660E4 /* NexusPairedNode.swift */; };
		N100000130075C29006660E4 /* NexusConnectHostManager.swift in Sources */ = {isa = PBXBuildFile; fileRef = N100000230075C29006660E4 /* NexusConnectHostManager.swift */; };
		O100000130075C29006660E4 /* NexConversation.swift in Sources */ = {isa = PBXBuildFile; fileRef = O100000230075C29006660E4 /* NexConversation.swift */; };
		P100000130075C29006660E4 /* NexObsidianVault.swift in Sources */ = {isa = PBXBuildFile; fileRef = P100000230075C29006660E4 /* NexObsidianVault.swift */; };
		Q100000130075C29006660E4 /* NexMemoryIndex.swift in Sources */ = {isa = PBXBuildFile; fileRef = Q100000230075C29006660E4 /* NexMemoryIndex.swift */; };
		R100000130075C29006660E4 /* NexToolSystem.swift in Sources */ = {isa = PBXBuildFile; fileRef = R100000230075C29006660E4 /* NexToolSystem.swift */; };
		A2C0000130075C29006660E4 /* NexComputerManifest.swift in Sources */ = {isa = PBXBuildFile; fileRef = A2C0000230075C29006660E4 /* NexComputerManifest.swift */; };
		A2C0000330075C29006660E4 /* NexComputerRuntime.swift in Sources */ = {isa = PBXBuildFile; fileRef = A2C0000430075C29006660E4 /* NexComputerRuntime.swift */; };
		A2C0000530075C29006660E4 /* NexComputerFoundationTests.swift in Sources */ = {isa = PBXBuildFile; fileRef = A2C0000630075C29006660E4 /* NexComputerFoundationTests.swift */; };
		A2C0000B30075C29006660E4 /* NexComputerToolSearch.swift in Sources */ = {isa = PBXBuildFile; fileRef = A2C0000C30075C29006660E4 /* NexComputerToolSearch.swift */; };
		A2C0000D30075C29006660E4 /* NexComputerToolSearchTests.swift in Sources */ = {isa = PBXBuildFile; fileRef = A2C0000E30075C29006660E4 /* NexComputerToolSearchTests.swift */; };
		A2C0000F30075C29006660E4 /* NexComputerConfirmationGateway.swift in Sources */ = {isa = PBXBuildFile; fileRef = A2C0001030075C29006660E4 /* NexComputerConfirmationGateway.swift */; };
		A2C0001130075C29006660E4 /* NexComputerPermissionManager.swift in Sources */ = {isa = PBXBuildFile; fileRef = A2C0001230075C29006660E4 /* NexComputerPermissionManager.swift */; };
		A2C0001330075C29006660E4 /* NexComputerConfirmationTests.swift in Sources */ = {isa = PBXBuildFile; fileRef = A2C0001430075C29006660E4 /* NexComputerConfirmationTests.swift */; };
		A2C0001730075C29006660E4 /* NexTerminalActions.swift in Sources */ = {isa = PBXBuildFile; fileRef = A2C0001830075C29006660E4 /* NexTerminalActions.swift */; };
		A2C0001930075C29006660E4 /* NexTerminalActionTests.swift in Sources */ = {isa = PBXBuildFile; fileRef = A2C0001A30075C29006660E4 /* NexTerminalActionTests.swift */; };
		A2C0001C30075C29006660E4 /* NexFinderActions.swift in Sources */ = {isa = PBXBuildFile; fileRef = A2C0001D30075C29006660E4 /* NexFinderActions.swift */; };
		A2C0001E30075C29006660E4 /* NexFinderActionTests.swift in Sources */ = {isa = PBXBuildFile; fileRef = A2C0001F30075C29006660E4 /* NexFinderActionTests.swift */; };
		A2C0002030075C29006660E4 /* NexSpotifyActions.swift in Sources */ = {isa = PBXBuildFile; fileRef = A2C0002130075C29006660E4 /* NexSpotifyActions.swift */; };
		A2C0002230075C29006660E4 /* NexSpotifyActionTests.swift in Sources */ = {isa = PBXBuildFile; fileRef = A2C0002330075C29006660E4 /* NexSpotifyActionTests.swift */; };
		A2C0002430075C29006660E4 /* NexMessagesActions.swift in Sources */ = {isa = PBXBuildFile; fileRef = A2C0002530075C29006660E4 /* NexMessagesActions.swift */; };
		A2C0002630075C29006660E4 /* NexMessagesActionTests.swift in Sources */ = {isa = PBXBuildFile; fileRef = A2C0002730075C29006660E4 /* NexMessagesActionTests.swift */; };
		A2C0002830075C29006660E4 /* NexComputerExtendedActions.swift in Sources */ = {isa = PBXBuildFile; fileRef = A2C0002930075C29006660E4 /* NexComputerExtendedActions.swift */; };
		A2C0002A30075C29006660E4 /* NexComputerExtendedActionTests.swift in Sources */ = {isa = PBXBuildFile; fileRef = A2C0002B30075C29006660E4 /* NexComputerExtendedActionTests.swift */; };
		A2C0002C30075C29006660E4 /* NexManagedBrowser.swift in Sources */ = {isa = PBXBuildFile; fileRef = A2C0002D30075C29006660E4 /* NexManagedBrowser.swift */; };
		A2C0002F30075C29006660E4 /* NexConnectorSystem.swift in Sources */ = {isa = PBXBuildFile; fileRef = A2C0003030075C29006660E4 /* NexConnectorSystem.swift */; };
		A2C0003230075C29006660E4 /* NexConnectorAuth.swift in Sources */ = {isa = PBXBuildFile; fileRef = A2C0003330075C29006660E4 /* NexConnectorAuth.swift */; };
		A2C0004030075C29006660E4 /* NexOfficialConnectorExecutor.swift in Sources */ = {isa = PBXBuildFile; fileRef = A2C0004130075C29006660E4 /* NexOfficialConnectorExecutor.swift */; };
		A2C0003430075C29006660E4 /* NexComputerCLI.swift in Sources */ = {isa = PBXBuildFile; fileRef = A2C0003530075C29006660E4 /* NexComputerCLI.swift */; };
		A2C0003730075C29006660E4 /* NexProviderIconCatalog.swift in Sources */ = {isa = PBXBuildFile; fileRef = A2C0003830075C29006660E4 /* NexProviderIconCatalog.swift */; };
		A2C0003930075C29006660E4 /* NexTaskPreview.swift in Sources */ = {isa = PBXBuildFile; fileRef = A2C0003A30075C29006660E4 /* NexTaskPreview.swift */; };
		R100000330075C29006660E4 /* NexMemoryService.swift in Sources */ = {isa = PBXBuildFile; fileRef = R100000430075C29006660E4 /* NexMemoryService.swift */; };
		A1B2C3D4E5F60718293A4B5C /* NexCLITaskService.swift in Sources */ = {isa = PBXBuildFile; fileRef = B1B2C3D4E5F60718293A4B5C /* NexCLITaskService.swift */; };
		C1D2E3F4A5B60718293A4B5C /* NexCLIHostManager.swift in Sources */ = {isa = PBXBuildFile; fileRef = D1D2E3F4A5B60718293A4B5C /* NexCLIHostManager.swift */; };
		E1D2E3F4A5B60718293A4B5C /* NexCLIWorkspaceManager.swift in Sources */ = {isa = PBXBuildFile; fileRef = F1D2E3F4A5B60718293A4B5C /* NexCLIWorkspaceManager.swift */; };
		A2D2E3F4A5B60718293A4B5C /* NexApiClient.swift in Sources */ = {isa = PBXBuildFile; fileRef = B2D2E3F4A5B60718293A4B5C /* NexApiClient.swift */; };
		Y2D2E3F4A5B60718293A4B5C /* NexusOrbAnimation.swift in Sources */ = {isa = PBXBuildFile; fileRef = Z2D2E3F4A5B60718293A4B5C /* NexusOrbAnimation.swift */; };
		AA11BB22CC33DD44EE55FF66 /* NexusAudioReactiveMusic.swift in Sources */ = {isa = PBXBuildFile; fileRef = AA11BB22CC33DD44EE55FF67 /* NexusAudioReactiveMusic.swift */; };
		S100000130075C29006660E4 /* NexMemoryController.swift in Sources */ = {isa = PBXBuildFile; fileRef = S100000230075C29006660E4 /* NexMemoryController.swift */; };
		T100000130075C29006660E4 /* NexWebSearch.swift in Sources */ = {isa = PBXBuildFile; fileRef = T100000230075C29006660E4 /* NexWebSearch.swift */; };
		A7B8C9D0E1F2030405060708 /* NexYouTubeTools.swift in Sources */ = {isa = PBXBuildFile; fileRef = A7B8C9D0E1F2030405060709 /* NexYouTubeTools.swift */; };
		V100000130075C29006660E4 /* NexMemoryGraph.swift in Sources */ = {isa = PBXBuildFile; fileRef = V100000230075C29006660E4 /* NexMemoryGraph.swift */; };
		W100000130075C29006660E4 /* NexPrimaryToolPlanner.swift in Sources */ = {isa = PBXBuildFile; fileRef = W100000230075C29006660E4 /* NexPrimaryToolPlanner.swift */; };
		C0D3A00130075C29006660E4 /* CodexProgressMonitor.swift in Sources */ = {isa = PBXBuildFile; fileRef = C0D3A00230075C29006660E4 /* CodexProgressMonitor.swift */; };
		X100000130075C29006660E4 /* NexusAPIProvider.swift in Sources */ = {isa = PBXBuildFile; fileRef = X100000230075C29006660E4 /* NexusAPIProvider.swift */; };
		X100000530075C29006660E4 /* NexusManagedCloudInference.swift in Sources */ = {isa = PBXBuildFile; fileRef = X100000630075C29006660E4 /* NexusManagedCloudInference.swift */; };
		X100000730075C29006660E4 /* NexusInferenceFallbackError.swift in Sources */ = {isa = PBXBuildFile; fileRef = X100000830075C29006660E4 /* NexusInferenceFallbackError.swift */; };
		Y100000130075C29006660E4 /* NexusSettings.swift in Sources */ = {isa = PBXBuildFile; fileRef = Y100000230075C29006660E4 /* NexusSettings.swift */; };
		G100000330075C29006660E4 /* NexusConnectFraming.swift in Sources */ = {isa = PBXBuildFile; fileRef = G100000430075C29006660E4 /* NexusConnectFraming.swift */; };
		G100000530075C29006660E4 /* NexusConnectSecurity.swift in Sources */ = {isa = PBXBuildFile; fileRef = G100000630075C29006660E4 /* NexusConnectSecurity.swift */; };
		G100000730075C29006660E4 /* NexusConnectPolicy.swift in Sources */ = {isa = PBXBuildFile; fileRef = G100000830075C29006660E4 /* NexusConnectPolicy.swift */; };
		G100000930075C29006660E4 /* NexusConnectFoundationTests.swift in Sources */ = {isa = PBXBuildFile; fileRef = G100000A30075C29006660E4 /* NexusConnectFoundationTests.swift */; };
		H100000130075C29006660E4 /* NexusTailscaleDiscovery.swift in Sources */ = {isa = PBXBuildFile; fileRef = H100000230075C29006660E4 /* NexusTailscaleDiscovery.swift */; };
		H100000330075C29006660E4 /* NexusConnectTransport.swift in Sources */ = {isa = PBXBuildFile; fileRef = H100000430075C29006660E4 /* NexusConnectTransport.swift */; };
		H100000530075C29006660E4 /* NexusConnectCoordinator.swift in Sources */ = {isa = PBXBuildFile; fileRef = H100000630075C29006660E4 /* NexusConnectCoordinator.swift */; };
		H100000730075C29006660E4 /* NexusConnectDiscoveryTests.swift in Sources */ = {isa = PBXBuildFile; fileRef = H100000830075C29006660E4 /* NexusConnectDiscoveryTests.swift */; };
		I100000130075C29006660E4 /* NexusConnectHostServices.swift in Sources */ = {isa = PBXBuildFile; fileRef = I100000230075C29006660E4 /* NexusConnectHostServices.swift */; };
		I100000330075C29006660E4 /* NexusConnectHostServiceTests.swift in Sources */ = {isa = PBXBuildFile; fileRef = I100000430075C29006660E4 /* NexusConnectHostServiceTests.swift */; };
		J100000130075C29006660E4 /* NexusConnectSession.swift in Sources */ = {isa = PBXBuildFile; fileRef = J100000230075C29006660E4 /* NexusConnectSession.swift */; };
		J100000330075C29006660E4 /* NexusWorkloadRouter.swift in Sources */ = {isa = PBXBuildFile; fileRef = J100000430075C29006660E4 /* NexusWorkloadRouter.swift */; };
		J100000530075C29006660E4 /* NexusConnectSessionTests.swift in Sources */ = {isa = PBXBuildFile; fileRef = J100000630075C29006660E4 /* NexusConnectSessionTests.swift */; };
		K100000130075C29006660E4 /* NexusConnectController.swift in Sources */ = {isa = PBXBuildFile; fileRef = K100000230075C29006660E4 /* NexusConnectController.swift */; };
		K100000330075C29006660E4 /* NexusConnectControllerTests.swift in Sources */ = {isa = PBXBuildFile; fileRef = K100000430075C29006660E4 /* NexusConnectControllerTests.swift */; };
		L100000130075C29006660E4 /* NexusUnifiedWorkloadAPI.swift in Sources */ = {isa = PBXBuildFile; fileRef = L100000230075C29006660E4 /* NexusUnifiedWorkloadAPI.swift */; };
		L100000330075C29006660E4 /* NexusUnifiedWorkloadAPITests.swift in Sources */ = {isa = PBXBuildFile; fileRef = L100000430075C29006660E4 /* NexusUnifiedWorkloadAPITests.swift */; };
		Q100000330075C29006660E4 /* NexMemoryTests.swift in Sources */ = {isa = PBXBuildFile; fileRef = Q100000430075C29006660E4 /* NexMemoryTests.swift */; };
		T100000330075C29006660E4 /* NexWebSearchTests.swift in Sources */ = {isa = PBXBuildFile; fileRef = T100000430075C29006660E4 /* NexWebSearchTests.swift */; };
		W100000330075C29006660E4 /* NexPrimaryToolPlannerTests.swift in Sources */ = {isa = PBXBuildFile; fileRef = W100000430075C29006660E4 /* NexPrimaryToolPlannerTests.swift */; };
		X100000330075C29006660E4 /* NexApiClientTests.swift in Sources */ = {isa = PBXBuildFile; fileRef = X100000430075C29006660E4 /* NexApiClientTests.swift */; };
		Z100000130075C29006660E4 /* FluidAudio in Frameworks */ = {isa = PBXBuildFile; productRef = Z100000230075C29006660E4 /* FluidAudio */; };
		156AB6C030075C2A006660E4 /* Assets.xcassets in Resources */ = {isa = PBXBuildFile; fileRef = 156AB6BF30075C2A006660E4 /* Assets.xcassets */; };
		156AB6C430075C2A006660E4 /* Preview Assets.xcassets in Resources */ = {isa = PBXBuildFile; fileRef = 156AB6C330075C2A006660E4 /* Preview Assets.xcassets */; };
		156AB6CE30075C2A006660E4 /* nexusTests.swift in Sources */ = {isa = PBXBuildFile; fileRef = 156AB6CD30075C2A006660E4 /* nexusTests.swift */; };
		156AB6D830075C2A006660E4 /* nexusUITests.swift in Sources */ = {isa = PBXBuildFile; fileRef = 156AB6D730075C2A006660E4 /* nexusUITests.swift */; };
		156AB6DA30075C2A006660E4 /* nexusUITestsLaunchTests.swift in Sources */ = {isa = PBXBuildFile; fileRef = 156AB6D930075C2A006660E4 /* nexusUITestsLaunchTests.swift */; };
/* End PBXBuildFile section */

/* Begin PBXContainerItemProxy section */
		156AB6CA30075C2A006660E4 /* PBXContainerItemProxy */ = {
			isa = PBXContainerItemProxy;
			containerPortal = 156AB6B030075C29006660E4 /* Project object */;
			proxyType = 1;
			remoteGlobalIDString = 156AB6B730075C29006660E4;
			remoteInfo = nexus;
		};
		156AB6D430075C2A006660E4 /* PBXContainerItemProxy */ = {
			isa = PBXContainerItemProxy;
			containerPortal = 156AB6B030075C29006660E4 /* Project object */;
			proxyType = 1;
			remoteGlobalIDString = 156AB6B730075C29006660E4;
			remoteInfo = nexus;
		};
/* End PBXContainerItemProxy section */

/* Begin PBXFileReference section */
		156AB6B830075C29006660E4 /* nexus.app */ = {isa = PBXFileReference; explicitFileType = wrapper.application; includeInIndex = 0; path = nexus.app; sourceTree = BUILT_PRODUCTS_DIR; };
		156AB6BB30075C29006660E4 /* nexusApp.swift */ = {isa = PBXFileReference; lastKnownFileType = sourcecode.swift; path = nexusApp.swift; sourceTree = "<group>"; };
		156AB6BD30075C29006660E4 /* ContentView.swift */ = {isa = PBXFileReference; lastKnownFileType = sourcecode.swift; path = ContentView.swift; sourceTree = "<group>"; };
		A100000230075C29006660E4 /* ModelAggregatorView.swift */ = {isa = PBXFileReference; lastKnownFileType = sourcecode.swift; path = ModelAggregatorView.swift; sourceTree = "<group>"; };
		A100000430075C29006660E4 /* SpeechTranscriber.swift */ = {isa = PBXFileReference; lastKnownFileType = sourcecode.swift; path = SpeechTranscriber.swift; sourceTree = "<group>"; };
		A100000630075C29006660E4 /* NotchGeometry.swift */ = {isa = PBXFileReference; lastKnownFileType = sourcecode.swift; path = NotchGeometry.swift; sourceTree = "<group>"; };
		A100000830075C29006660E4 /* NotchInteractionState.swift */ = {isa = PBXFileReference; lastKnownFileType = sourcecode.swift; path = NotchInteractionState.swift; sourceTree = "<group>"; };
		B100000230075C29006660E4 /* Models.swift */ = {isa = PBXFileReference; lastKnownFileType = sourcecode.swift; path = Models.swift; sourceTree = "<group>"; };
		B100000430075C29006660E4 /* OllamaManager.swift */ = {isa = PBXFileReference; lastKnownFileType = sourcecode.swift; path = OllamaManager.swift; sourceTree = "<group>"; };
		B100000630075C29006660E4 /* ModelDownloadViewModel.swift */ = {isa = PBXFileReference; lastKnownFileType = sourcecode.swift; path = ModelDownloadViewModel.swift; sourceTree = "<group>"; };
		B100000830075C29006660E4 /* ModelDownloadView.swift */ = {isa = PBXFileReference; lastKnownFileType = sourcecode.swift; path = ModelDownloadView.swift; sourceTree = "<group>"; };
		C100000230075C29006660E4 /* ResponseSpeaker.swift */ = {isa = PBXFileReference; lastKnownFileType = sourcecode.swift; path = ResponseSpeaker.swift; sourceTree = "<group>"; };
		D100000230075C29006660E4 /* RichMarkdownView.swift */ = {isa = PBXFileReference; lastKnownFileType = sourcecode.swift; path = RichMarkdownView.swift; sourceTree = "<group>"; };
		E100000230075C29006660E4 /* KaTeX */ = {isa = PBXFileReference; explicitFileType = folder; path = KaTeX; sourceTree = "<group>"; };
		F100000230075C29006660E4 /* PetAssets.swift */ = {isa = PBXFileReference; lastKnownFileType = sourcecode.swift; path = PetAssets.swift; sourceTree = "<group>"; };
		F100000430075C29006660E4 /* Pets */ = {isa = PBXFileReference; explicitFileType = folder; path = Pets; sourceTree = "<group>"; };
		U100000230075C29006660E4 /* Nexus3D */ = {isa = PBXFileReference; explicitFileType = folder; path = Nexus3D; sourceTree = "<group>"; };
		G100000230075C29006660E4 /* NexusConnectModels.swift */ = {isa = PBXFileReference; lastKnownFileType = sourcecode.swift; path = NexusConnectModels.swift; sourceTree = "<group>"; };
		M100000230075C29006660E4 /* NexusPairedNode.swift */ = {isa = PBXFileReference; lastKnownFileType = sourcecode.swift; path = NexusPairedNode.swift; sourceTree = "<group>"; };
		N100000230075C29006660E4 /* NexusConnectHostManager.swift */ = {isa = PBXFileReference; lastKnownFileType = sourcecode.swift; path = NexusConnectHostManager.swift; sourceTree = "<group>"; };
		O100000230075C29006660E4 /* NexConversation.swift */ = {isa = PBXFileReference; lastKnownFileType = sourcecode.swift; path = NexConversation.swift; sourceTree = "<group>"; };
		P100000230075C29006660E4 /* NexObsidianVault.swift */ = {isa = PBXFileReference; lastKnownFileType = sourcecode.swift; path = NexObsidianVault.swift; sourceTree = "<group>"; };
		Q100000230075C29006660E4 /* NexMemoryIndex.swift */ = {isa = PBXFileReference; lastKnownFileType = sourcecode.swift; path = NexMemoryIndex.swift; sourceTree = "<group>"; };
		R100000230075C29006660E4 /* NexToolSystem.swift */ = {isa = PBXFileReference; lastKnownFileType = sourcecode.swift; path = NexToolSystem.swift; sourceTree = "<group>"; };
		A2C0000230075C29006660E4 /* NexComputerManifest.swift */ = {isa = PBXFileReference; lastKnownFileType = sourcecode.swift; path = NexComputerManifest.swift; sourceTree = "<group>"; };
		A2C0000430075C29006660E4 /* NexComputerRuntime.swift */ = {isa = PBXFileReference; lastKnownFileType = sourcecode.swift; path = NexComputerRuntime.swift; sourceTree = "<group>"; };
		A2C0000630075C29006660E4 /* NexComputerFoundationTests.swift */ = {isa = PBXFileReference; lastKnownFileType = sourcecode.swift; path = NexComputerFoundationTests.swift; sourceTree = "<group>"; };
		A2C0000C30075C29006660E4 /* NexComputerToolSearch.swift */ = {isa = PBXFileReference; lastKnownFileType = sourcecode.swift; path = NexComputerToolSearch.swift; sourceTree = "<group>"; };
		A2C0000E30075C29006660E4 /* NexComputerToolSearchTests.swift */ = {isa = PBXFileReference; lastKnownFileType = sourcecode.swift; path = NexComputerToolSearchTests.swift; sourceTree = "<group>"; };
		A2C0001030075C29006660E4 /* NexComputerConfirmationGateway.swift */ = {isa = PBXFileReference; lastKnownFileType = sourcecode.swift; path = NexComputerConfirmationGateway.swift; sourceTree = "<group>"; };
		A2C0001230075C29006660E4 /* NexComputerPermissionManager.swift */ = {isa = PBXFileReference; lastKnownFileType = sourcecode.swift; path = NexComputerPermissionManager.swift; sourceTree = "<group>"; };
		A2C0001430075C29006660E4 /* NexComputerConfirmationTests.swift */ = {isa = PBXFileReference; lastKnownFileType = sourcecode.swift; path = NexComputerConfirmationTests.swift; sourceTree = "<group>"; };
		A2C0001830075C29006660E4 /* NexTerminalActions.swift */ = {isa = PBXFileReference; lastKnownFileType = sourcecode.swift; path = NexTerminalActions.swift; sourceTree = "<group>"; };
		A2C0001A30075C29006660E4 /* NexTerminalActionTests.swift */ = {isa = PBXFileReference; lastKnownFileType = sourcecode.swift; path = NexTerminalActionTests.swift; sourceTree = "<group>"; };
		A2C0001D30075C29006660E4 /* NexFinderActions.swift */ = {isa = PBXFileReference; lastKnownFileType = sourcecode.swift; path = NexFinderActions.swift; sourceTree = "<group>"; };
		A2C0001F30075C29006660E4 /* NexFinderActionTests.swift */ = {isa = PBXFileReference; lastKnownFileType = sourcecode.swift; path = NexFinderActionTests.swift; sourceTree = "<group>"; };
		A2C0002130075C29006660E4 /* NexSpotifyActions.swift */ = {isa = PBXFileReference; lastKnownFileType = sourcecode.swift; path = NexSpotifyActions.swift; sourceTree = "<group>"; };
		A2C0002330075C29006660E4 /* NexSpotifyActionTests.swift */ = {isa = PBXFileReference; lastKnownFileType = sourcecode.swift; path = NexSpotifyActionTests.swift; sourceTree = "<group>"; };
		A2C0002530075C29006660E4 /* NexMessagesActions.swift */ = {isa = PBXFileReference; lastKnownFileType = sourcecode.swift; path = NexMessagesActions.swift; sourceTree = "<group>"; };
		A2C0002730075C29006660E4 /* NexMessagesActionTests.swift */ = {isa = PBXFileReference; lastKnownFileType = sourcecode.swift; path = NexMessagesActionTests.swift; sourceTree = "<group>"; };
		A2C0002930075C29006660E4 /* NexComputerExtendedActions.swift */ = {isa = PBXFileReference; lastKnownFileType = sourcecode.swift; path = NexComputerExtendedActions.swift; sourceTree = "<group>"; };
		A2C0002B30075C29006660E4 /* NexComputerExtendedActionTests.swift */ = {isa = PBXFileReference; lastKnownFileType = sourcecode.swift; path = NexComputerExtendedActionTests.swift; sourceTree = "<group>"; };
		A2C0002D30075C29006660E4 /* NexManagedBrowser.swift */ = {isa = PBXFileReference; lastKnownFileType = sourcecode.swift; path = NexManagedBrowser.swift; sourceTree = "<group>"; };
		A2C0003030075C29006660E4 /* NexConnectorSystem.swift */ = {isa = PBXFileReference; lastKnownFileType = sourcecode.swift; path = NexConnectorSystem.swift; sourceTree = "<group>"; };
		A2C0003330075C29006660E4 /* NexConnectorAuth.swift */ = {isa = PBXFileReference; lastKnownFileType = sourcecode.swift; path = NexConnectorAuth.swift; sourceTree = "<group>"; };
		A2C0004130075C29006660E4 /* NexOfficialConnectorExecutor.swift */ = {isa = PBXFileReference; lastKnownFileType = sourcecode.swift; path = NexOfficialConnectorExecutor.swift; sourceTree = "<group>"; };
		A2C0003530075C29006660E4 /* NexComputerCLI.swift */ = {isa = PBXFileReference; lastKnownFileType = sourcecode.swift; path = NexComputerCLI.swift; sourceTree = "<group>"; };
		A2C0003830075C29006660E4 /* NexProviderIconCatalog.swift */ = {isa = PBXFileReference; lastKnownFileType = sourcecode.swift; path = NexProviderIconCatalog.swift; sourceTree = "<group>"; };
		A2C0003A30075C29006660E4 /* NexTaskPreview.swift */ = {isa = PBXFileReference; lastKnownFileType = sourcecode.swift; path = NexTaskPreview.swift; sourceTree = "<group>"; };
		R100000430075C29006660E4 /* NexMemoryService.swift */ = {isa = PBXFileReference; lastKnownFileType = sourcecode.swift; path = NexMemoryService.swift; sourceTree = "<group>"; };
		B1B2C3D4E5F60718293A4B5C /* NexCLITaskService.swift */ = {isa = PBXFileReference; lastKnownFileType = sourcecode.swift; path = NexCLITaskService.swift; sourceTree = "<group>"; };
		D1D2E3F4A5B60718293A4B5C /* NexCLIHostManager.swift */ = {isa = PBXFileReference; lastKnownFileType = sourcecode.swift; path = NexCLIHostManager.swift; sourceTree = "<group>"; };
		F1D2E3F4A5B60718293A4B5C /* NexCLIWorkspaceManager.swift */ = {isa = PBXFileReference; lastKnownFileType = sourcecode.swift; path = NexCLIWorkspaceManager.swift; sourceTree = "<group>"; };
		B2D2E3F4A5B60718293A4B5C /* NexApiClient.swift */ = {isa = PBXFileReference; lastKnownFileType = sourcecode.swift; path = NexApiClient.swift; sourceTree = "<group>"; };
		Z2D2E3F4A5B60718293A4B5C /* NexusOrbAnimation.swift */ = {isa = PBXFileReference; lastKnownFileType = sourcecode.swift; path = NexusOrbAnimation.swift; sourceTree = "<group>"; };
		AA11BB22CC33DD44EE55FF67 /* NexusAudioReactiveMusic.swift */ = {isa = PBXFileReference; lastKnownFileType = sourcecode.swift; path = NexusAudioReactiveMusic.swift; sourceTree = "<group>"; };
		S100000230075C29006660E4 /* NexMemoryController.swift */ = {isa = PBXFileReference; lastKnownFileType = sourcecode.swift; path = NexMemoryController.swift; sourceTree = "<group>"; };
		T100000230075C29006660E4 /* NexWebSearch.swift */ = {isa = PBXFileReference; lastKnownFileType = sourcecode.swift; path = NexWebSearch.swift; sourceTree = "<group>"; };
		A7B8C9D0E1F2030405060709 /* NexYouTubeTools.swift */ = {isa = PBXFileReference; lastKnownFileType = sourcecode.swift; path = NexYouTubeTools.swift; sourceTree = "<group>"; };
		V100000230075C29006660E4 /* NexMemoryGraph.swift */ = {isa = PBXFileReference; lastKnownFileType = sourcecode.swift; path = NexMemoryGraph.swift; sourceTree = "<group>"; };
		W100000230075C29006660E4 /* NexPrimaryToolPlanner.swift */ = {isa = PBXFileReference; lastKnownFileType = sourcecode.swift; path = NexPrimaryToolPlanner.swift; sourceTree = "<group>"; };
		C0D3A00230075C29006660E4 /* CodexProgressMonitor.swift */ = {isa = PBXFileReference; lastKnownFileType = sourcecode.swift; path = CodexProgressMonitor.swift; sourceTree = "<group>"; };
		X100000230075C29006660E4 /* NexusAPIProvider.swift */ = {isa = PBXFileReference; lastKnownFileType = sourcecode.swift; path = NexusAPIProvider.swift; sourceTree = "<group>"; };
		X100000630075C29006660E4 /* NexusManagedCloudInference.swift */ = {isa = PBXFileReference; lastKnownFileType = sourcecode.swift; path = NexusManagedCloudInference.swift; sourceTree = "<group>"; };
		X100000830075C29006660E4 /* NexusInferenceFallbackError.swift */ = {isa = PBXFileReference; lastKnownFileType = sourcecode.swift; path = NexusInferenceFallbackError.swift; sourceTree = "<group>"; };
		Y100000230075C29006660E4 /* NexusSettings.swift */ = {isa = PBXFileReference; lastKnownFileType = sourcecode.swift; path = NexusSettings.swift; sourceTree = "<group>"; };
		G100000430075C29006660E4 /* NexusConnectFraming.swift */ = {isa = PBXFileReference; lastKnownFileType = sourcecode.swift; path = NexusConnectFraming.swift; sourceTree = "<group>"; };
		G100000630075C29006660E4 /* NexusConnectSecurity.swift */ = {isa = PBXFileReference; lastKnownFileType = sourcecode.swift; path = NexusConnectSecurity.swift; sourceTree = "<group>"; };
		G100000830075C29006660E4 /* NexusConnectPolicy.swift */ = {isa = PBXFileReference; lastKnownFileType = sourcecode.swift; path = NexusConnectPolicy.swift; sourceTree = "<group>"; };
		G100000A30075C29006660E4 /* NexusConnectFoundationTests.swift */ = {isa = PBXFileReference; lastKnownFileType = sourcecode.swift; path = NexusConnectFoundationTests.swift; sourceTree = "<group>"; };
		H100000230075C29006660E4 /* NexusTailscaleDiscovery.swift */ = {isa = PBXFileReference; lastKnownFileType = sourcecode.swift; path = NexusTailscaleDiscovery.swift; sourceTree = "<group>"; };
		H100000430075C29006660E4 /* NexusConnectTransport.swift */ = {isa = PBXFileReference; lastKnownFileType = sourcecode.swift; path = NexusConnectTransport.swift; sourceTree = "<group>"; };
		H100000630075C29006660E4 /* NexusConnectCoordinator.swift */ = {isa = PBXFileReference; lastKnownFileType = sourcecode.swift; path = NexusConnectCoordinator.swift; sourceTree = "<group>"; };
		H100000830075C29006660E4 /* NexusConnectDiscoveryTests.swift */ = {isa = PBXFileReference; lastKnownFileType = sourcecode.swift; path = NexusConnectDiscoveryTests.swift; sourceTree = "<group>"; };
		I100000230075C29006660E4 /* NexusConnectHostServices.swift */ = {isa = PBXFileReference; lastKnownFileType = sourcecode.swift; path = NexusConnectHostServices.swift; sourceTree = "<group>"; };
		I100000430075C29006660E4 /* NexusConnectHostServiceTests.swift */ = {isa = PBXFileReference; lastKnownFileType = sourcecode.swift; path = NexusConnectHostServiceTests.swift; sourceTree = "<group>"; };
		J100000230075C29006660E4 /* NexusConnectSession.swift */ = {isa = PBXFileReference; lastKnownFileType = sourcecode.swift; path = NexusConnectSession.swift; sourceTree = "<group>"; };
		J100000430075C29006660E4 /* NexusWorkloadRouter.swift */ = {isa = PBXFileReference; lastKnownFileType = sourcecode.swift; path = NexusWorkloadRouter.swift; sourceTree = "<group>"; };
		J100000630075C29006660E4 /* NexusConnectSessionTests.swift */ = {isa = PBXFileReference; lastKnownFileType = sourcecode.swift; path = NexusConnectSessionTests.swift; sourceTree = "<group>"; };
		K100000230075C29006660E4 /* NexusConnectController.swift */ = {isa = PBXFileReference; lastKnownFileType = sourcecode.swift; path = NexusConnectController.swift; sourceTree = "<group>"; };
		K100000430075C29006660E4 /* NexusConnectControllerTests.swift */ = {isa = PBXFileReference; lastKnownFileType = sourcecode.swift; path = NexusConnectControllerTests.swift; sourceTree = "<group>"; };
		L100000230075C29006660E4 /* NexusUnifiedWorkloadAPI.swift */ = {isa = PBXFileReference; lastKnownFileType = sourcecode.swift; path = NexusUnifiedWorkloadAPI.swift; sourceTree = "<group>"; };
		L100000430075C29006660E4 /* NexusUnifiedWorkloadAPITests.swift */ = {isa = PBXFileReference; lastKnownFileType = sourcecode.swift; path = NexusUnifiedWorkloadAPITests.swift; sourceTree = "<group>"; };
		Q100000430075C29006660E4 /* NexMemoryTests.swift */ = {isa = PBXFileReference; lastKnownFileType = sourcecode.swift; path = NexMemoryTests.swift; sourceTree = "<group>"; };
		T100000430075C29006660E4 /* NexWebSearchTests.swift */ = {isa = PBXFileReference; lastKnownFileType = sourcecode.swift; path = NexWebSearchTests.swift; sourceTree = "<group>"; };
		W100000430075C29006660E4 /* NexPrimaryToolPlannerTests.swift */ = {isa = PBXFileReference; lastKnownFileType = sourcecode.swift; path = NexPrimaryToolPlannerTests.swift; sourceTree = "<group>"; };
		X100000430075C29006660E4 /* NexApiClientTests.swift */ = {isa = PBXFileReference; lastKnownFileType = sourcecode.swift; path = NexApiClientTests.swift; sourceTree = "<group>"; };
		156AB6BF30075C2A006660E4 /* Assets.xcassets */ = {isa = PBXFileReference; lastKnownFileType = folder.assetcatalog; path = Assets.xcassets; sourceTree = "<group>"; };
		156AB6C130075C2A006660E4 /* nexus.entitlements */ = {isa = PBXFileReference; lastKnownFileType = text.plist.entitlements; path = nexus.entitlements; sourceTree = "<group>"; };
		156AB6C330075C2A006660E4 /* Preview Assets.xcassets */ = {isa = PBXFileReference; lastKnownFileType = folder.assetcatalog; path = "Preview Assets.xcassets"; sourceTree = "<group>"; };
		156AB6C930075C2A006660E4 /* nexusTests.xctest */ = {isa = PBXFileReference; explicitFileType = wrapper.cfbundle; includeInIndex = 0; path = nexusTests.xctest; sourceTree = BUILT_PRODUCTS_DIR; };
		156AB6CD30075C2A006660E4 /* nexusTests.swift */ = {isa = PBXFileReference; lastKnownFileType = sourcecode.swift; path = nexusTests.swift; sourceTree = "<group>"; };
		156AB6D330075C2A006660E4 /* nexusUITests.xctest */ = {isa = PBXFileReference; explicitFileType = wrapper.cfbundle; includeInIndex = 0; path = nexusUITests.xctest; sourceTree = BUILT_PRODUCTS_DIR; };
		156AB6D730075C2A006660E4 /* nexusUITests.swift */ = {isa = PBXFileReference; lastKnownFileType = sourcecode.swift; path = nexusUITests.swift; sourceTree = "<group>"; };
		156AB6D930075C2A006660E4 /* nexusUITestsLaunchTests.swift */ = {isa = PBXFileReference; lastKnownFileType = sourcecode.swift; path = nexusUITestsLaunchTests.swift; sourceTree = "<group>"; };
/* End PBXFileReference section */

/* Begin PBXFrameworksBuildPhase section */
		156AB6B530075C29006660E4 /* Frameworks */ = {
			isa = PBXFrameworksBuildPhase;
			buildActionMask = 2147483647;
			files = (
				Z100000130075C29006660E4 /* FluidAudio in Frameworks */,
			);
			runOnlyForDeploymentPostprocessing = 0;
		};
		156AB6C630075C2A006660E4 /* Frameworks */ = {
			isa = PBXFrameworksBuildPhase;
			buildActionMask = 2147483647;
			files = (
			);
			runOnlyForDeploymentPostprocessing = 0;
		};
		156AB6D030075C2A006660E4 /* Frameworks */ = {
			isa = PBXFrameworksBuildPhase;
			buildActionMask = 2147483647;
			files = (
			);
			runOnlyForDeploymentPostprocessing = 0;
		};
/* End PBXFrameworksBuildPhase section */

/* Begin PBXGroup section */
		156AB6AF30075C29006660E4 = {
			isa = PBXGroup;
			children = (
				156AB6BA30075C29006660E4 /* nexus */,
				156AB6CC30075C2A006660E4 /* nexusTests */,
				156AB6D630075C2A006660E4 /* nexusUITests */,
				156AB6B930075C29006660E4 /* Products */,
			);
			sourceTree = "<group>";
		};
		156AB6B930075C29006660E4 /* Products */ = {
			isa = PBXGroup;
			children = (
				156AB6B830075C29006660E4 /* nexus.app */,
				156AB6C930075C2A006660E4 /* nexusTests.xctest */,
				156AB6D330075C2A006660E4 /* nexusUITests.xctest */,
			);
			name = Products;
			sourceTree = "<group>";
		};
		A2C0000730075C29006660E4 /* NexComputer */ = {
			isa = PBXGroup;
			children = (
				A2C0000830075C29006660E4 /* Registry */,
				A2C0000930075C29006660E4 /* Runtime */,
				A2C0001530075C29006660E4 /* Confirmation */,
				A2C0001630075C29006660E4 /* Permissions */,
				A2C0001B30075C29006660E4 /* Apps */,
				A2C0002E30075C29006660E4 /* Browser */,
				A2C0003130075C29006660E4 /* Connectors */,
				A2C0003630075C29006660E4 /* CLI */,
				A2C0003B30075C29006660E4 /* Preview */,
			);
			path = NexComputer;
			sourceTree = "<group>";
		};
		A2C0000830075C29006660E4 /* Registry */ = {
			isa = PBXGroup;
			children = (
				A2C0000230075C29006660E4 /* NexComputerManifest.swift */,
				A2C0000C30075C29006660E4 /* NexComputerToolSearch.swift */,
			);
			path = Registry;
			sourceTree = "<group>";
		};
		A2C0000930075C29006660E4 /* Runtime */ = {
			isa = PBXGroup;
			children = (
				A2C0000430075C29006660E4 /* NexComputerRuntime.swift */,
			);
			path = Runtime;
			sourceTree = "<group>";
		};
		A2C0001530075C29006660E4 /* Confirmation */ = {
			isa = PBXGroup;
			children = (
				A2C0001030075C29006660E4 /* NexComputerConfirmationGateway.swift */,
			);
			path = Confirmation;
			sourceTree = "<group>";
		};
		A2C0001630075C29006660E4 /* Permissions */ = {
			isa = PBXGroup;
			children = (
				A2C0001230075C29006660E4 /* NexComputerPermissionManager.swift */,
			);
			path = Permissions;
			sourceTree = "<group>";
		};
		A2C0001B30075C29006660E4 /* Apps */ = {
			isa = PBXGroup;
			children = (
				A2C0001830075C29006660E4 /* NexTerminalActions.swift */,
				A2C0001D30075C29006660E4 /* NexFinderActions.swift */,
				A2C0002130075C29006660E4 /* NexSpotifyActions.swift */,
				A2C0002530075C29006660E4 /* NexMessagesActions.swift */,
				A2C0002930075C29006660E4 /* NexComputerExtendedActions.swift */,
			);
			path = Apps;
			sourceTree = "<group>";
		};
		A2C0002E30075C29006660E4 /* Browser */ = {
			isa = PBXGroup;
			children = (
				A2C0002D30075C29006660E4 /* NexManagedBrowser.swift */,
			);
			path = Browser;
			sourceTree = "<group>";
		};
		A2C0003130075C29006660E4 /* Connectors */ = {
			isa = PBXGroup;
			children = (
				A2C0003330075C29006660E4 /* NexConnectorAuth.swift */,
				A2C0004130075C29006660E4 /* NexOfficialConnectorExecutor.swift */,
				A2C0003030075C29006660E4 /* NexConnectorSystem.swift */,
			);
			path = Connectors;
			sourceTree = "<group>";
		};
		A2C0003630075C29006660E4 /* CLI */ = {
			isa = PBXGroup;
			children = (
				A2C0003530075C29006660E4 /* NexComputerCLI.swift */,
			);
			path = CLI;
			sourceTree = "<group>";
		};
		A2C0003B30075C29006660E4 /* Preview */ = {
			isa = PBXGroup;
			children = (
				A2C0003830075C29006660E4 /* NexProviderIconCatalog.swift */,
				A2C0003A30075C29006660E4 /* NexTaskPreview.swift */,
			);
			path = Preview;
			sourceTree = "<group>";
		};
		A2C0000A30075C29006660E4 /* NexComputer tests */ = {
			isa = PBXGroup;
			children = (
				A2C0000630075C29006660E4 /* NexComputerFoundationTests.swift */,
				A2C0000E30075C29006660E4 /* NexComputerToolSearchTests.swift */,
				A2C0001430075C29006660E4 /* NexComputerConfirmationTests.swift */,
				A2C0001A30075C29006660E4 /* NexTerminalActionTests.swift */,
				A2C0001F30075C29006660E4 /* NexFinderActionTests.swift */,
				A2C0002330075C29006660E4 /* NexSpotifyActionTests.swift */,
				A2C0002730075C29006660E4 /* NexMessagesActionTests.swift */,
				A2C0002B30075C29006660E4 /* NexComputerExtendedActionTests.swift */,
			);
			name = NexComputer;
			path = NexComputer;
			sourceTree = "<group>";
		};
		156AB6BA30075C29006660E4 /* nexus */ = {
			isa = PBXGroup;
			children = (
				156AB6BB30075C29006660E4 /* nexusApp.swift */,
				156AB6BD30075C29006660E4 /* ContentView.swift */,
				G100000230075C29006660E4 /* NexusConnectModels.swift */,
				M100000230075C29006660E4 /* NexusPairedNode.swift */,
				N100000230075C29006660E4 /* NexusConnectHostManager.swift */,
				O100000230075C29006660E4 /* NexConversation.swift */,
				P100000230075C29006660E4 /* NexObsidianVault.swift */,
				Q100000230075C29006660E4 /* NexMemoryIndex.swift */,
				R100000230075C29006660E4 /* NexToolSystem.swift */,
				A2C0000730075C29006660E4 /* NexComputer */,
				R100000430075C29006660E4 /* NexMemoryService.swift */,
				B1B2C3D4E5F60718293A4B5C /* NexCLITaskService.swift */,
				D1D2E3F4A5B60718293A4B5C /* NexCLIHostManager.swift */,
				F1D2E3F4A5B60718293A4B5C /* NexCLIWorkspaceManager.swift */,
				B2D2E3F4A5B60718293A4B5C /* NexApiClient.swift */,
				Z2D2E3F4A5B60718293A4B5C /* NexusOrbAnimation.swift */,
				AA11BB22CC33DD44EE55FF67 /* NexusAudioReactiveMusic.swift */,
				S100000230075C29006660E4 /* NexMemoryController.swift */,
				T100000230075C29006660E4 /* NexWebSearch.swift */,
				A7B8C9D0E1F2030405060709 /* NexYouTubeTools.swift */,
				V100000230075C29006660E4 /* NexMemoryGraph.swift */,
				W100000230075C29006660E4 /* NexPrimaryToolPlanner.swift */,
				C0D3A00230075C29006660E4 /* CodexProgressMonitor.swift */,
				X100000230075C29006660E4 /* NexusAPIProvider.swift */,
				X100000630075C29006660E4 /* NexusManagedCloudInference.swift */,
				X100000830075C29006660E4 /* NexusInferenceFallbackError.swift */,
				Y100000230075C29006660E4 /* NexusSettings.swift */,
				G100000430075C29006660E4 /* NexusConnectFraming.swift */,
				G100000630075C29006660E4 /* NexusConnectSecurity.swift */,
				G100000830075C29006660E4 /* NexusConnectPolicy.swift */,
				H100000230075C29006660E4 /* NexusTailscaleDiscovery.swift */,
				H100000430075C29006660E4 /* NexusConnectTransport.swift */,
				H100000630075C29006660E4 /* NexusConnectCoordinator.swift */,
				I100000230075C29006660E4 /* NexusConnectHostServices.swift */,
				J100000230075C29006660E4 /* NexusConnectSession.swift */,
				J100000430075C29006660E4 /* NexusWorkloadRouter.swift */,
				K100000230075C29006660E4 /* NexusConnectController.swift */,
				L100000230075C29006660E4 /* NexusUnifiedWorkloadAPI.swift */,
				A100000230075C29006660E4 /* ModelAggregatorView.swift */,
				A100000430075C29006660E4 /* SpeechTranscriber.swift */,
				A100000630075C29006660E4 /* NotchGeometry.swift */,
				A100000830075C29006660E4 /* NotchInteractionState.swift */,
				B100000230075C29006660E4 /* Models.swift */,
				B100000430075C29006660E4 /* OllamaManager.swift */,
				B100000630075C29006660E4 /* ModelDownloadViewModel.swift */,
				B100000830075C29006660E4 /* ModelDownloadView.swift */,
				C100000230075C29006660E4 /* ResponseSpeaker.swift */,
				D100000230075C29006660E4 /* RichMarkdownView.swift */,
				E100000230075C29006660E4 /* KaTeX */,
				F100000230075C29006660E4 /* PetAssets.swift */,
				F100000430075C29006660E4 /* Pets */,
				U100000230075C29006660E4 /* Nexus3D */,
				156AB6BF30075C2A006660E4 /* Assets.xcassets */,
				156AB6C130075C2A006660E4 /* nexus.entitlements */,
				156AB6C230075C2A006660E4 /* Preview Content */,
			);
			path = nexus;
			sourceTree = "<group>";
		};
		156AB6C230075C2A006660E4 /* Preview Content */ = {
			isa = PBXGroup;
			children = (
				156AB6C330075C2A006660E4 /* Preview Assets.xcassets */,
			);
			path = "Preview Content";
			sourceTree = "<group>";
		};
		156AB6CC30075C2A006660E4 /* nexusTests */ = {
			isa = PBXGroup;
			children = (
				156AB6CD30075C2A006660E4 /* nexusTests.swift */,
				A2C0000A30075C29006660E4 /* NexComputer tests */,
				G100000A30075C29006660E4 /* NexusConnectFoundationTests.swift */,
				H100000830075C29006660E4 /* NexusConnectDiscoveryTests.swift */,
				I100000430075C29006660E4 /* NexusConnectHostServiceTests.swift */,
				J100000630075C29006660E4 /* NexusConnectSessionTests.swift */,
				K100000430075C29006660E4 /* NexusConnectControllerTests.swift */,
				L100000430075C29006660E4 /* NexusUnifiedWorkloadAPITests.swift */,
				Q100000430075C29006660E4 /* NexMemoryTests.swift */,
				T100000430075C29006660E4 /* NexWebSearchTests.swift */,
				W100000430075C29006660E4 /* NexPrimaryToolPlannerTests.swift */,
				X100000430075C29006660E4 /* NexApiClientTests.swift */,
			);
			path = nexusTests;
			sourceTree = "<group>";
		};
		156AB6D630075C2A006660E4 /* nexusUITests */ = {
			isa = PBXGroup;
			children = (
				156AB6D730075C2A006660E4 /* nexusUITests.swift */,
				156AB6D930075C2A006660E4 /* nexusUITestsLaunchTests.swift */,
			);
			path = nexusUITests;
			sourceTree = "<group>";
		};
/* End PBXGroup section */

/* Begin PBXNativeTarget section */
		156AB6B730075C29006660E4 /* nexus */ = {
			isa = PBXNativeTarget;
			buildConfigurationList = 156AB6DD30075C2A006660E4 /* Build configuration list for PBXNativeTarget "nexus" */;
			buildPhases = (
				156AB6B430075C29006660E4 /* Sources */,
				156AB6B530075C29006660E4 /* Frameworks */,
				156AB6B630075C29006660E4 /* Resources */,
			);
			buildRules = (
			);
			dependencies = (
			);
			name = nexus;
			packageProductDependencies = (
				Z100000230075C29006660E4 /* FluidAudio */,
			);
			productName = nexus;
			productReference = 156AB6B830075C29006660E4 /* nexus.app */;
			productType = "com.apple.product-type.application";
		};
		156AB6C830075C2A006660E4 /* nexusTests */ = {
			isa = PBXNativeTarget;
			buildConfigurationList = 156AB6E030075C2A006660E4 /* Build configuration list for PBXNativeTarget "nexusTests" */;
			buildPhases = (
				156AB6C530075C2A006660E4 /* Sources */,
				156AB6C630075C2A006660E4 /* Frameworks */,
				156AB6C730075C2A006660E4 /* Resources */,
			);
			buildRules = (
			);
			dependencies = (
				156AB6CB30075C2A006660E4 /* PBXTargetDependency */,
			);
			name = nexusTests;
			productName = nexusTests;
			productReference = 156AB6C930075C2A006660E4 /* nexusTests.xctest */;
			productType = "com.apple.product-type.bundle.unit-test";
		};
		156AB6D230075C2A006660E4 /* nexusUITests */ = {
			isa = PBXNativeTarget;
			buildConfigurationList = 156AB6E330075C2A006660E4 /* Build configuration list for PBXNativeTarget "nexusUITests" */;
			buildPhases = (
				156AB6CF30075C2A006660E4 /* Sources */,
				156AB6D030075C2A006660E4 /* Frameworks */,
				156AB6D130075C2A006660E4 /* Resources */,
			);
			buildRules = (
			);
			dependencies = (
				156AB6D530075C2A006660E4 /* PBXTargetDependency */,
			);
			name = nexusUITests;
			productName = nexusUITests;
			productReference = 156AB6D330075C2A006660E4 /* nexusUITests.xctest */;
			productType = "com.apple.product-type.bundle.ui-testing";
		};
/* End PBXNativeTarget section */

/* Begin PBXProject section */
		156AB6B030075C29006660E4 /* Project object */ = {
			isa = PBXProject;
			attributes = {
				BuildIndependentTargetsInParallel = 1;
				LastSwiftUpdateCheck = 1540;
				LastUpgradeCheck = 1540;
				TargetAttributes = {
					156AB6B730075C29006660E4 = {
						CreatedOnToolsVersion = 15.4;
					};
					156AB6C830075C2A006660E4 = {
						CreatedOnToolsVersion = 15.4;
						TestTargetID = 156AB6B730075C29006660E4;
					};
					156AB6D230075C2A006660E4 = {
						CreatedOnToolsVersion = 15.4;
						TestTargetID = 156AB6B730075C29006660E4;
					};
				};
			};
			buildConfigurationList = 156AB6B330075C29006660E4 /* Build configuration list for PBXProject "nexus" */;
			compatibilityVersion = "Xcode 14.0";
			developmentRegion = en;
			hasScannedForEncodings = 0;
			knownRegions = (
				en,
				Base,
			);
			mainGroup = 156AB6AF30075C29006660E4;
			productRefGroup = 156AB6B930075C29006660E4 /* Products */;
			projectDirPath = "";
			projectRoot = "";
			packageReferences = (
				Z100000330075C29006660E4 /* XCRemoteSwiftPackageReference "FluidAudio" */,
			);
			targets = (
				156AB6B730075C29006660E4 /* nexus */,
				156AB6C830075C2A006660E4 /* nexusTests */,
				156AB6D230075C2A006660E4 /* nexusUITests */,
			);
		};
/* End PBXProject section */

/* Begin PBXResourcesBuildPhase section */
		156AB6B630075C29006660E4 /* Resources */ = {
			isa = PBXResourcesBuildPhase;
			buildActionMask = 2147483647;
			files = (
				E100000130075C29006660E4 /* KaTeX in Resources */,
				F100000330075C29006660E4 /* Pets in Resources */,
				U100000130075C29006660E4 /* Nexus3D in Resources */,
				156AB6C430075C2A006660E4 /* Preview Assets.xcassets in Resources */,
				156AB6C030075C2A006660E4 /* Assets.xcassets in Resources */,
			);
			runOnlyForDeploymentPostprocessing = 0;
		};
		156AB6C730075C2A006660E4 /* Resources */ = {
			isa = PBXResourcesBuildPhase;
			buildActionMask = 2147483647;
			files = (
			);
			runOnlyForDeploymentPostprocessing = 0;
		};
		156AB6D130075C2A006660E4 /* Resources */ = {
			isa = PBXResourcesBuildPhase;
			buildActionMask = 2147483647;
			files = (
			);
			runOnlyForDeploymentPostprocessing = 0;
		};
/* End PBXResourcesBuildPhase section */

/* Begin XCRemoteSwiftPackageReference section */
		Z100000330075C29006660E4 /* XCRemoteSwiftPackageReference "FluidAudio" */ = {
			isa = XCRemoteSwiftPackageReference;
			repositoryURL = "https://github.com/FluidInference/FluidAudio.git";
			requirement = {
				kind = exactVersion;
				version = 0.5.2;
			};
		};
/* End XCRemoteSwiftPackageReference section */

/* Begin XCSwiftPackageProductDependency section */
		Z100000230075C29006660E4 /* FluidAudio */ = {
			isa = XCSwiftPackageProductDependency;
			package = Z100000330075C29006660E4 /* XCRemoteSwiftPackageReference "FluidAudio" */;
			productName = FluidAudio;
		};
/* End XCSwiftPackageProductDependency section */

/* Begin PBXSourcesBuildPhase section */
		156AB6B430075C29006660E4 /* Sources */ = {
			isa = PBXSourcesBuildPhase;
			buildActionMask = 2147483647;
			files = (
				156AB6BE30075C29006660E4 /* ContentView.swift in Sources */,
				156AB6BC30075C29006660E4 /* nexusApp.swift in Sources */,
				G100000130075C29006660E4 /* NexusConnectModels.swift in Sources */,
				M100000130075C29006660E4 /* NexusPairedNode.swift in Sources */,
				N100000130075C29006660E4 /* NexusConnectHostManager.swift in Sources */,
				O100000130075C29006660E4 /* NexConversation.swift in Sources */,
				P100000130075C29006660E4 /* NexObsidianVault.swift in Sources */,
				Q100000130075C29006660E4 /* NexMemoryIndex.swift in Sources */,
				R100000130075C29006660E4 /* NexToolSystem.swift in Sources */,
				A2C0000130075C29006660E4 /* NexComputerManifest.swift in Sources */,
				A2C0000B30075C29006660E4 /* NexComputerToolSearch.swift in Sources */,
				A2C0000330075C29006660E4 /* NexComputerRuntime.swift in Sources */,
				A2C0000F30075C29006660E4 /* NexComputerConfirmationGateway.swift in Sources */,
				A2C0001130075C29006660E4 /* NexComputerPermissionManager.swift in Sources */,
				A2C0001730075C29006660E4 /* NexTerminalActions.swift in Sources */,
				A2C0001C30075C29006660E4 /* NexFinderActions.swift in Sources */,
				A2C0002030075C29006660E4 /* NexSpotifyActions.swift in Sources */,
				A2C0002430075C29006660E4 /* NexMessagesActions.swift in Sources */,
				A2C0002830075C29006660E4 /* NexComputerExtendedActions.swift in Sources */,
				A2C0002C30075C29006660E4 /* NexManagedBrowser.swift in Sources */,
				A2C0002F30075C29006660E4 /* NexConnectorSystem.swift in Sources */,
				A2C0003230075C29006660E4 /* NexConnectorAuth.swift in Sources */,
				A2C0004030075C29006660E4 /* NexOfficialConnectorExecutor.swift in Sources */,
				A2C0003430075C29006660E4 /* NexComputerCLI.swift in Sources */,
				A2C0003730075C29006660E4 /* NexProviderIconCatalog.swift in Sources */,
				A2C0003930075C29006660E4 /* NexTaskPreview.swift in Sources */,
				R100000330075C29006660E4 /* NexMemoryService.swift in Sources */,
				A1B2C3D4E5F60718293A4B5C /* NexCLITaskService.swift in Sources */,
				C1D2E3F4A5B60718293A4B5C /* NexCLIHostManager.swift in Sources */,
				E1D2E3F4A5B60718293A4B5C /* NexCLIWorkspaceManager.swift in Sources */,
				A2D2E3F4A5B60718293A4B5C /* NexApiClient.swift in Sources */,
				Y2D2E3F4A5B60718293A4B5C /* NexusOrbAnimation.swift in Sources */,
				AA11BB22CC33DD44EE55FF66 /* NexusAudioReactiveMusic.swift in Sources */,
				S100000130075C29006660E4 /* NexMemoryController.swift in Sources */,
				T100000130075C29006660E4 /* NexWebSearch.swift in Sources */,
				A7B8C9D0E1F2030405060708 /* NexYouTubeTools.swift in Sources */,
				V100000130075C29006660E4 /* NexMemoryGraph.swift in Sources */,
				W100000130075C29006660E4 /* NexPrimaryToolPlanner.swift in Sources */,
				C0D3A00130075C29006660E4 /* CodexProgressMonitor.swift in Sources */,
				X100000130075C29006660E4 /* NexusAPIProvider.swift in Sources */,
				X100000530075C29006660E4 /* NexusManagedCloudInference.swift in Sources */,
				X100000730075C29006660E4 /* NexusInferenceFallbackError.swift in Sources */,
				Y100000130075C29006660E4 /* NexusSettings.swift in Sources */,
				G100000330075C29006660E4 /* NexusConnectFraming.swift in Sources */,
				G100000530075C29006660E4 /* NexusConnectSecurity.swift in Sources */,
				G100000730075C29006660E4 /* NexusConnectPolicy.swift in Sources */,
				H100000130075C29006660E4 /* NexusTailscaleDiscovery.swift in Sources */,
				H100000330075C29006660E4 /* NexusConnectTransport.swift in Sources */,
				H100000530075C29006660E4 /* NexusConnectCoordinator.swift in Sources */,
				I100000130075C29006660E4 /* NexusConnectHostServices.swift in Sources */,
				J100000130075C29006660E4 /* NexusConnectSession.swift in Sources */,
				J100000330075C29006660E4 /* NexusWorkloadRouter.swift in Sources */,
				K100000130075C29006660E4 /* NexusConnectController.swift in Sources */,
				L100000130075C29006660E4 /* NexusUnifiedWorkloadAPI.swift in Sources */,
				A100000130075C29006660E4 /* ModelAggregatorView.swift in Sources */,
				A100000330075C29006660E4 /* SpeechTranscriber.swift in Sources */,
				A100000530075C29006660E4 /* NotchGeometry.swift in Sources */,
				A100000730075C29006660E4 /* NotchInteractionState.swift in Sources */,
				B100000130075C29006660E4 /* Models.swift in Sources */,
				B100000330075C29006660E4 /* OllamaManager.swift in Sources */,
				B100000530075C29006660E4 /* ModelDownloadViewModel.swift in Sources */,
				B100000730075C29006660E4 /* ModelDownloadView.swift in Sources */,
				C100000130075C29006660E4 /* ResponseSpeaker.swift in Sources */,
				D100000130075C29006660E4 /* RichMarkdownView.swift in Sources */,
				F100000130075C29006660E4 /* PetAssets.swift in Sources */,
			);
			runOnlyForDeploymentPostprocessing = 0;
		};
		156AB6C530075C2A006660E4 /* Sources */ = {
			isa = PBXSourcesBuildPhase;
			buildActionMask = 2147483647;
			files = (
				156AB6CE30075C2A006660E4 /* nexusTests.swift in Sources */,
				A2C0000530075C29006660E4 /* NexComputerFoundationTests.swift in Sources */,
				A2C0000D30075C29006660E4 /* NexComputerToolSearchTests.swift in Sources */,
				A2C0001330075C29006660E4 /* NexComputerConfirmationTests.swift in Sources */,
				A2C0001930075C29006660E4 /* NexTerminalActionTests.swift in Sources */,
				A2C0001E30075C29006660E4 /* NexFinderActionTests.swift in Sources */,
				A2C0002230075C29006660E4 /* NexSpotifyActionTests.swift in Sources */,
				A2C0002630075C29006660E4 /* NexMessagesActionTests.swift in Sources */,
				A2C0002A30075C29006660E4 /* NexComputerExtendedActionTests.swift in Sources */,
				G100000930075C29006660E4 /* NexusConnectFoundationTests.swift in Sources */,
				H100000730075C29006660E4 /* NexusConnectDiscoveryTests.swift in Sources */,
				I100000330075C29006660E4 /* NexusConnectHostServiceTests.swift in Sources */,
				J100000530075C29006660E4 /* NexusConnectSessionTests.swift in Sources */,
				K100000330075C29006660E4 /* NexusConnectControllerTests.swift in Sources */,
				L100000330075C29006660E4 /* NexusUnifiedWorkloadAPITests.swift in Sources */,
				Q100000330075C29006660E4 /* NexMemoryTests.swift in Sources */,
				T100000330075C29006660E4 /* NexWebSearchTests.swift in Sources */,
				W100000330075C29006660E4 /* NexPrimaryToolPlannerTests.swift in Sources */,
				X100000330075C29006660E4 /* NexApiClientTests.swift in Sources */,
			);
			runOnlyForDeploymentPostprocessing = 0;
		};
		156AB6CF30075C2A006660E4 /* Sources */ = {
			isa = PBXSourcesBuildPhase;
			buildActionMask = 2147483647;
			files = (
				156AB6DA30075C2A006660E4 /* nexusUITestsLaunchTests.swift in Sources */,
				156AB6D830075C2A006660E4 /* nexusUITests.swift in Sources */,
			);
			runOnlyForDeploymentPostprocessing = 0;
		};
/* End PBXSourcesBuildPhase section */

/* Begin PBXTargetDependency section */
		156AB6CB30075C2A006660E4 /* PBXTargetDependency */ = {
			isa = PBXTargetDependency;
			target = 156AB6B730075C29006660E4 /* nexus */;
			targetProxy = 156AB6CA30075C2A006660E4 /* PBXContainerItemProxy */;
		};
		156AB6D530075C2A006660E4 /* PBXTargetDependency */ = {
			isa = PBXTargetDependency;
			target = 156AB6B730075C29006660E4 /* nexus */;
			targetProxy = 156AB6D430075C2A006660E4 /* PBXContainerItemProxy */;
		};
/* End PBXTargetDependency section */

/* Begin XCBuildConfiguration section */
		156AB6DB30075C2A006660E4 /* Debug */ = {
			isa = XCBuildConfiguration;
			buildSettings = {
				ALWAYS_SEARCH_USER_PATHS = NO;
				ASSETCATALOG_COMPILER_GENERATE_SWIFT_ASSET_SYMBOL_EXTENSIONS = YES;
				CLANG_ANALYZER_NONNULL = YES;
				CLANG_ANALYZER_NUMBER_OBJECT_CONVERSION = YES_AGGRESSIVE;
				CLANG_CXX_LANGUAGE_STANDARD = "gnu++20";
				CLANG_ENABLE_MODULES = YES;
				CLANG_ENABLE_OBJC_ARC = YES;
				CLANG_ENABLE_OBJC_WEAK = YES;
				CLANG_WARN_BLOCK_CAPTURE_AUTORELEASING = YES;
				CLANG_WARN_BOOL_CONVERSION = YES;
				CLANG_WARN_COMMA = YES;
				CLANG_WARN_CONSTANT_CONVERSION = YES;
				CLANG_WARN_DEPRECATED_OBJC_IMPLEMENTATIONS = YES;
				CLANG_WARN_DIRECT_OBJC_ISA_USAGE = YES_ERROR;
				CLANG_WARN_DOCUMENTATION_COMMENTS = YES;
				CLANG_WARN_EMPTY_BODY = YES;
				CLANG_WARN_ENUM_CONVERSION = YES;
				CLANG_WARN_INFINITE_RECURSION = YES;
				CLANG_WARN_INT_CONVERSION = YES;
				CLANG_WARN_NON_LITERAL_NULL_CONVERSION = YES;
				CLANG_WARN_OBJC_IMPLICIT_RETAIN_SELF = YES;
				CLANG_WARN_OBJC_LITERAL_CONVERSION = YES;
				CLANG_WARN_OBJC_ROOT_CLASS = YES_ERROR;
				CLANG_WARN_QUOTED_INCLUDE_IN_FRAMEWORK_HEADER = YES;
				CLANG_WARN_RANGE_LOOP_ANALYSIS = YES;
				CLANG_WARN_STRICT_PROTOTYPES = YES;
				CLANG_WARN_SUSPICIOUS_MOVE = YES;
				CLANG_WARN_UNGUARDED_AVAILABILITY = YES_AGGRESSIVE;
				CLANG_WARN_UNREACHABLE_CODE = YES;
				CLANG_WARN__DUPLICATE_METHOD_MATCH = YES;
				COPY_PHASE_STRIP = NO;
				DEBUG_INFORMATION_FORMAT = dwarf;
				ENABLE_STRICT_OBJC_MSGSEND = YES;
				ENABLE_TESTABILITY = YES;
				ENABLE_USER_SCRIPT_SANDBOXING = YES;
				GCC_C_LANGUAGE_STANDARD = gnu17;
				GCC_DYNAMIC_NO_PIC = NO;
				GCC_NO_COMMON_BLOCKS = YES;
				GCC_OPTIMIZATION_LEVEL = 0;
				GCC_PREPROCESSOR_DEFINITIONS = (
					"DEBUG=1",
					"$(inherited)",
				);
				GCC_WARN_64_TO_32_BIT_CONVERSION = YES;
				GCC_WARN_ABOUT_RETURN_TYPE = YES_ERROR;
				GCC_WARN_UNDECLARED_SELECTOR = YES;
				GCC_WARN_UNINITIALIZED_AUTOS = YES_AGGRESSIVE;
				GCC_WARN_UNUSED_FUNCTION = YES;
				GCC_WARN_UNUSED_VARIABLE = YES;
				LOCALIZATION_PREFERS_STRING_CATALOGS = YES;
				MTL_ENABLE_DEBUG_INFO = INCLUDE_SOURCE;
				MTL_FAST_MATH = YES;
				ONLY_ACTIVE_ARCH = YES;
				SWIFT_ACTIVE_COMPILATION_CONDITIONS = "DEBUG $(inherited)";
				SWIFT_OPTIMIZATION_LEVEL = "-Onone";
			};
			name = Debug;
		};
		156AB6DC30075C2A006660E4 /* Release */ = {
			isa = XCBuildConfiguration;
			buildSettings = {
				ALWAYS_SEARCH_USER_PATHS = NO;
				ASSETCATALOG_COMPILER_GENERATE_SWIFT_ASSET_SYMBOL_EXTENSIONS = YES;
				CLANG_ANALYZER_NONNULL = YES;
				CLANG_ANALYZER_NUMBER_OBJECT_CONVERSION = YES_AGGRESSIVE;
				CLANG_CXX_LANGUAGE_STANDARD = "gnu++20";
				CLANG_ENABLE_MODULES = YES;
				CLANG_ENABLE_OBJC_ARC = YES;
				CLANG_ENABLE_OBJC_WEAK = YES;
				CLANG_WARN_BLOCK_CAPTURE_AUTORELEASING = YES;
				CLANG_WARN_BOOL_CONVERSION = YES;
				CLANG_WARN_COMMA = YES;
				CLANG_WARN_CONSTANT_CONVERSION = YES;
				CLANG_WARN_DEPRECATED_OBJC_IMPLEMENTATIONS = YES;
				CLANG_WARN_DIRECT_OBJC_ISA_USAGE = YES_ERROR;
				CLANG_WARN_DOCUMENTATION_COMMENTS = YES;
				CLANG_WARN_EMPTY_BODY = YES;
				CLANG_WARN_ENUM_CONVERSION = YES;
				CLANG_WARN_INFINITE_RECURSION = YES;
				CLANG_WARN_INT_CONVERSION = YES;
				CLANG_WARN_NON_LITERAL_NULL_CONVERSION = YES;
				CLANG_WARN_OBJC_IMPLICIT_RETAIN_SELF = YES;
				CLANG_WARN_OBJC_LITERAL_CONVERSION = YES;
				CLANG_WARN_OBJC_ROOT_CLASS = YES_ERROR;
				CLANG_WARN_QUOTED_INCLUDE_IN_FRAMEWORK_HEADER = YES;
				CLANG_WARN_RANGE_LOOP_ANALYSIS = YES;
				CLANG_WARN_STRICT_PROTOTYPES = YES;
				CLANG_WARN_SUSPICIOUS_MOVE = YES;
				CLANG_WARN_UNGUARDED_AVAILABILITY = YES_AGGRESSIVE;
				CLANG_WARN_UNREACHABLE_CODE = YES;
				CLANG_WARN__DUPLICATE_METHOD_MATCH = YES;
				COPY_PHASE_STRIP = NO;
				DEBUG_INFORMATION_FORMAT = "dwarf-with-dsym";
				ENABLE_NS_ASSERTIONS = NO;
				ENABLE_STRICT_OBJC_MSGSEND = YES;
				ENABLE_USER_SCRIPT_SANDBOXING = YES;
				GCC_C_LANGUAGE_STANDARD = gnu17;
				GCC_NO_COMMON_BLOCKS = YES;
				GCC_WARN_64_TO_32_BIT_CONVERSION = YES;
				GCC_WARN_ABOUT_RETURN_TYPE = YES_ERROR;
				GCC_WARN_UNDECLARED_SELECTOR = YES;
				GCC_WARN_UNINITIALIZED_AUTOS = YES_AGGRESSIVE;
				GCC_WARN_UNUSED_FUNCTION = YES;
				GCC_WARN_UNUSED_VARIABLE = YES;
				LOCALIZATION_PREFERS_STRING_CATALOGS = YES;
				MTL_ENABLE_DEBUG_INFO = NO;
				MTL_FAST_MATH = YES;
				SWIFT_COMPILATION_MODE = wholemodule;
			};
			name = Release;
		};
		156AB6DE30075C2A006660E4 /* Debug */ = {
			isa = XCBuildConfiguration;
			buildSettings = {
				ASSETCATALOG_COMPILER_APPICON_NAME = AppIcon;
				ASSETCATALOG_COMPILER_GLOBAL_ACCENT_COLOR_NAME = AccentColor;
				CODE_SIGN_ENTITLEMENTS = nexus/nexus.entitlements;
				CODE_SIGN_STYLE = Automatic;
				"CODE_SIGN_IDENTITY[sdk=macosx*]" = "system local code signing";
				"CODE_SIGN_STYLE[sdk=macosx*]" = Manual;
				CURRENT_PROJECT_VERSION = 1;
				DEVELOPMENT_ASSET_PATHS = "\"nexus/Preview Content\"";
				ENABLE_PREVIEWS = YES;
				GENERATE_INFOPLIST_FILE = NO;
				INFOPLIST_FILE = Info.plist;
				INFOPLIST_KEY_NSMicrophoneUsageDescription = "Nexus uses the microphone while you hold the dictation hotkey.";
				INFOPLIST_KEY_NSSpeechRecognitionUsageDescription = "Nexus converts your dictated speech into the transcript shown below the notch.";
				"INFOPLIST_KEY_UIApplicationSceneManifest_Generation[sdk=iphoneos*]" = YES;
				"INFOPLIST_KEY_UIApplicationSceneManifest_Generation[sdk=iphonesimulator*]" = YES;
				"INFOPLIST_KEY_UIApplicationSupportsIndirectInputEvents[sdk=iphoneos*]" = YES;
				"INFOPLIST_KEY_UIApplicationSupportsIndirectInputEvents[sdk=iphonesimulator*]" = YES;
				"INFOPLIST_KEY_UILaunchScreen_Generation[sdk=iphoneos*]" = YES;
				"INFOPLIST_KEY_UILaunchScreen_Generation[sdk=iphonesimulator*]" = YES;
				"INFOPLIST_KEY_UIStatusBarStyle[sdk=iphoneos*]" = UIStatusBarStyleDefault;
				"INFOPLIST_KEY_UIStatusBarStyle[sdk=iphonesimulator*]" = UIStatusBarStyleDefault;
				INFOPLIST_KEY_UISupportedInterfaceOrientations_iPad = "UIInterfaceOrientationPortrait UIInterfaceOrientationPortraitUpsideDown UIInterfaceOrientationLandscapeLeft UIInterfaceOrientationLandscapeRight";
				INFOPLIST_KEY_UISupportedInterfaceOrientations_iPhone = "UIInterfaceOrientationPortrait UIInterfaceOrientationLandscapeLeft UIInterfaceOrientationLandscapeRight";
				IPHONEOS_DEPLOYMENT_TARGET = 17.5;
				LD_RUNPATH_SEARCH_PATHS = "@executable_path/Frameworks";
				"LD_RUNPATH_SEARCH_PATHS[sdk=macosx*]" = "@executable_path/../Frameworks";
				MACOSX_DEPLOYMENT_TARGET = 14.2;
				MARKETING_VERSION = 1.0;
				PRODUCT_BUNDLE_IDENTIFIER = na.nexus.desktop;
				PRODUCT_NAME = "$(TARGET_NAME)";
				SDKROOT = auto;
				SUPPORTED_PLATFORMS = "iphoneos iphonesimulator macosx";
				SWIFT_EMIT_LOC_STRINGS = YES;
				SWIFT_VERSION = 5.0;
				TARGETED_DEVICE_FAMILY = "1,2";
			};
			name = Debug;
		};
		156AB6DF30075C2A006660E4 /* Release */ = {
			isa = XCBuildConfiguration;
			buildSettings = {
				ASSETCATALOG_COMPILER_APPICON_NAME = AppIcon;
				ASSETCATALOG_COMPILER_GLOBAL_ACCENT_COLOR_NAME = AccentColor;
				CODE_SIGN_ENTITLEMENTS = nexus/nexus.entitlements;
				CODE_SIGN_STYLE = Automatic;
				"CODE_SIGN_IDENTITY[sdk=macosx*]" = "system local code signing";
				"CODE_SIGN_STYLE[sdk=macosx*]" = Manual;
				CURRENT_PROJECT_VERSION = 1;
				DEVELOPMENT_ASSET_PATHS = "\"nexus/Preview Content\"";
				ENABLE_PREVIEWS = YES;
				GENERATE_INFOPLIST_FILE = NO;
				INFOPLIST_FILE = Info.plist;
				INFOPLIST_KEY_NSMicrophoneUsageDescription = "Nexus uses the microphone while you hold the dictation hotkey.";
				INFOPLIST_KEY_NSSpeechRecognitionUsageDescription = "Nexus converts your dictated speech into the transcript shown below the notch.";
				"INFOPLIST_KEY_UIApplicationSceneManifest_Generation[sdk=iphoneos*]" = YES;
				"INFOPLIST_KEY_UIApplicationSceneManifest_Generation[sdk=iphonesimulator*]" = YES;
				"INFOPLIST_KEY_UIApplicationSupportsIndirectInputEvents[sdk=iphoneos*]" = YES;
				"INFOPLIST_KEY_UIApplicationSupportsIndirectInputEvents[sdk=iphonesimulator*]" = YES;
				"INFOPLIST_KEY_UILaunchScreen_Generation[sdk=iphoneos*]" = YES;
				"INFOPLIST_KEY_UILaunchScreen_Generation[sdk=iphonesimulator*]" = YES;
				"INFOPLIST_KEY_UIStatusBarStyle[sdk=iphoneos*]" = UIStatusBarStyleDefault;
				"INFOPLIST_KEY_UIStatusBarStyle[sdk=iphonesimulator*]" = UIStatusBarStyleDefault;
				INFOPLIST_KEY_UISupportedInterfaceOrientations_iPad = "UIInterfaceOrientationPortrait UIInterfaceOrientationPortraitUpsideDown UIInterfaceOrientationLandscapeLeft UIInterfaceOrientationLandscapeRight";
				INFOPLIST_KEY_UISupportedInterfaceOrientations_iPhone = "UIInterfaceOrientationPortrait UIInterfaceOrientationLandscapeLeft UIInterfaceOrientationLandscapeRight";
				IPHONEOS_DEPLOYMENT_TARGET = 17.5;
				LD_RUNPATH_SEARCH_PATHS = "@executable_path/Frameworks";
				"LD_RUNPATH_SEARCH_PATHS[sdk=macosx*]" = "@executable_path/../Frameworks";
				MACOSX_DEPLOYMENT_TARGET = 14.2;
				MARKETING_VERSION = 1.0;
				PRODUCT_BUNDLE_IDENTIFIER = na.nexus.desktop;
				PRODUCT_NAME = "$(TARGET_NAME)";
				SDKROOT = auto;
				SUPPORTED_PLATFORMS = "iphoneos iphonesimulator macosx";
				SWIFT_EMIT_LOC_STRINGS = YES;
				SWIFT_VERSION = 5.0;
				TARGETED_DEVICE_FAMILY = "1,2";
			};
			name = Release;
		};
		156AB6E130075C2A006660E4 /* Debug */ = {
			isa = XCBuildConfiguration;
			buildSettings = {
				ALWAYS_EMBED_SWIFT_STANDARD_LIBRARIES = YES;
				BUNDLE_LOADER = "$(TEST_HOST)";
				CODE_SIGN_STYLE = Automatic;
				CURRENT_PROJECT_VERSION = 1;
				GENERATE_INFOPLIST_FILE = YES;
				IPHONEOS_DEPLOYMENT_TARGET = 17.5;
				MACOSX_DEPLOYMENT_TARGET = 14.2;
				MARKETING_VERSION = 1.0;
				PRODUCT_BUNDLE_IDENTIFIER = na.nexusTests;
				PRODUCT_NAME = "$(TARGET_NAME)";
				SDKROOT = auto;
				SUPPORTED_PLATFORMS = "iphoneos iphonesimulator macosx";
				SWIFT_EMIT_LOC_STRINGS = NO;
				SWIFT_VERSION = 5.0;
				TARGETED_DEVICE_FAMILY = "1,2";
				TEST_HOST = "$(BUILT_PRODUCTS_DIR)/nexus.app/$(BUNDLE_EXECUTABLE_FOLDER_PATH)/nexus";
			};
			name = Debug;
		};
		156AB6E230075C2A006660E4 /* Release */ = {
			isa = XCBuildConfiguration;
			buildSettings = {
				ALWAYS_EMBED_SWIFT_STANDARD_LIBRARIES = YES;
				BUNDLE_LOADER = "$(TEST_HOST)";
				CODE_SIGN_STYLE = Automatic;
				CURRENT_PROJECT_VERSION = 1;
				GENERATE_INFOPLIST_FILE = YES;
				IPHONEOS_DEPLOYMENT_TARGET = 17.5;
				MACOSX_DEPLOYMENT_TARGET = 14.2;
				MARKETING_VERSION = 1.0;
				PRODUCT_BUNDLE_IDENTIFIER = na.nexusTests;
				PRODUCT_NAME = "$(TARGET_NAME)";
				SDKROOT = auto;
				SUPPORTED_PLATFORMS = "iphoneos iphonesimulator macosx";
				SWIFT_EMIT_LOC_STRINGS = NO;
				SWIFT_VERSION = 5.0;
				TARGETED_DEVICE_FAMILY = "1,2";
				TEST_HOST = "$(BUILT_PRODUCTS_DIR)/nexus.app/$(BUNDLE_EXECUTABLE_FOLDER_PATH)/nexus";
			};
			name = Release;
		};
		156AB6E430075C2A006660E4 /* Debug */ = {
			isa = XCBuildConfiguration;
			buildSettings = {
				ALWAYS_EMBED_SWIFT_STANDARD_LIBRARIES = YES;
				CODE_SIGN_STYLE = Automatic;
				CURRENT_PROJECT_VERSION = 1;
				GENERATE_INFOPLIST_FILE = YES;
				IPHONEOS_DEPLOYMENT_TARGET = 17.5;
				MACOSX_DEPLOYMENT_TARGET = 14.2;
				MARKETING_VERSION = 1.0;
				PRODUCT_BUNDLE_IDENTIFIER = na.nexusUITests;
				PRODUCT_NAME = "$(TARGET_NAME)";
				SDKROOT = auto;
				SUPPORTED_PLATFORMS = "iphoneos iphonesimulator macosx";
				SWIFT_EMIT_LOC_STRINGS = NO;
				SWIFT_VERSION = 5.0;
				TARGETED_DEVICE_FAMILY = "1,2";
				TEST_TARGET_NAME = nexus;
			};
			name = Debug;
		};
		156AB6E530075C2A006660E4 /* Release */ = {
			isa = XCBuildConfiguration;
			buildSettings = {
				ALWAYS_EMBED_SWIFT_STANDARD_LIBRARIES = YES;
				CODE_SIGN_STYLE = Automatic;
				CURRENT_PROJECT_VERSION = 1;
				GENERATE_INFOPLIST_FILE = YES;
				IPHONEOS_DEPLOYMENT_TARGET = 17.5;
				MACOSX_DEPLOYMENT_TARGET = 14.2;
				MARKETING_VERSION = 1.0;
				PRODUCT_BUNDLE_IDENTIFIER = na.nexusUITests;
				PRODUCT_NAME = "$(TARGET_NAME)";
				SDKROOT = auto;
				SUPPORTED_PLATFORMS = "iphoneos iphonesimulator macosx";
				SWIFT_EMIT_LOC_STRINGS = NO;
				SWIFT_VERSION = 5.0;
				TARGETED_DEVICE_FAMILY = "1,2";
				TEST_TARGET_NAME = nexus;
			};
			name = Release;
		};
/* End XCBuildConfiguration section */

/* Begin XCConfigurationList section */
		156AB6B330075C29006660E4 /* Build configuration list for PBXProject "nexus" */ = {
			isa = XCConfigurationList;
			buildConfigurations = (
				156AB6DB30075C2A006660E4 /* Debug */,
				156AB6DC30075C2A006660E4 /* Release */,
			);
			defaultConfigurationIsVisible = 0;
			defaultConfigurationName = Release;
		};
		156AB6DD30075C2A006660E4 /* Build configuration list for PBXNativeTarget "nexus" */ = {
			isa = XCConfigurationList;
			buildConfigurations = (
				156AB6DE30075C2A006660E4 /* Debug */,
				156AB6DF30075C2A006660E4 /* Release */,
			);
			defaultConfigurationIsVisible = 0;
			defaultConfigurationName = Release;
		};
		156AB6E030075C2A006660E4 /* Build configuration list for PBXNativeTarget "nexusTests" */ = {
			isa = XCConfigurationList;
			buildConfigurations = (
				156AB6E130075C2A006660E4 /* Debug */,
				156AB6E230075C2A006660E4 /* Release */,
			);
			defaultConfigurationIsVisible = 0;
			defaultConfigurationName = Release;
		};
		156AB6E330075C2A006660E4 /* Build configuration list for PBXNativeTarget "nexusUITests" */ = {
			isa = XCConfigurationList;
			buildConfigurations = (
				156AB6E430075C2A006660E4 /* Debug */,
				156AB6E530075C2A006660E4 /* Release */,
			);
			defaultConfigurationIsVisible = 0;
			defaultConfigurationName = Release;
		};
/* End XCConfigurationList section */
	};
	rootObject = 156AB6B030075C29006660E4 /* Project object */;
}
