// !$*UTF8*$!
{
	archiveVersion = 1;
	classes = {
	};
	objectVersion = 56;
	objects = {

/* Begin PBXBuildFile section */
		156AB6BC30075C29006660E4 /* nexusApp.swift in Sources */ = {isa = PBXBuildFile; fileRef = 156AB6BB30075C29006660E4 /* nexusApp.swift */; };
		156AB6BE30075C29006660E4 /* ContentView.swift in Sources */ = {isa = PBXBuildFile; fileRef = 156AB6BD30075C29006660E4 /* ContentView.swift */; };
		A100000130075C29006660E4 /* ModelAggregatorView.swift in Sources */ = {isa = PBXBuildFile; fileRef = A100000230075C29006660E4 /* ModelAggregatorView.swift */; };
		A100000330075C29006660E4 /* SpeechTranscriber.swift in Sources */ = {isa = PBXBuildFile; fileRef = A100000430075C29006660E4 /* SpeechTranscriber.swift */; };
		A100000530075C29006660E4 /* NotchGeometry.swift in Sources */ = {isa = PBXBuildFile; fileRef = A100000630075C29006660E4 /* NotchGeometry.swift */; };
		A100000730075C29006660E4 /* NotchInteractionState.swift in Sources */ = {isa = PBXBuildFile; fileRef = A100000830075C29006660E4 /* NotchInteractionState.swift */; };
		B100000130075C29006660E4 /* Models.swift in Sources */ = {isa = PBXBuildFile; fileRef = B100000230075C29006660E4 /* Models.swift */; };
		B100000330075C29006660E4 /* OllamaManager.swift in Sources */ = {isa = PBXBuildFile; fileRef = B100000430075C29006660E4 /* OllamaManager.swift */; };
		B100000530075C29006660E4 /* ModelDownloadViewModel.swift in Sources */ = {isa = PBXBuildFile; fileRef = B100000630075C29006660E4 /* ModelDownloadViewModel.swift */; };
		B100000730075C29006660E4 /* ModelDownloadView.swift in Sources */ = {isa = PBXBuildFile; fileRef = B100000830075C29006660E4 /* ModelDownloadView.swift */; };
		C100000130075C29006660E4 /* ResponseSpeaker.swift in Sources */ = {isa = PBXBuildFile; fileRef = C100000230075C29006660E4 /* ResponseSpeaker.swift */; };
		D100000130075C29006660E4 /* RichMarkdownView.swift in Sources */ = {isa = PBXBuildFile; fileRef = D100000230075C29006660E4 /* RichMarkdownView.swift */; };
		E100000130075C29006660E4 /* KaTeX in Resources */ = {isa = PBXBuildFile; fileRef = E100000230075C29006660E4 /* KaTeX */; };
		F100000130075C29006660E4 /* PetAssets.swift in Sources */ = {isa = PBXBuildFile; fileRef = F100000230075C29006660E4 /* PetAssets.swift */; };
		F100000330075C29006660E4 /* Pets in Resources */ = {isa = PBXBuildFile; fileRef = F100000430075C29006660E4 /* Pets */; };
		G100000130075C29006660E4 /* NexusConnectModels.swift in Sources */ = {isa = PBXBuildFile; fileRef = G100000230075C29006660E4 /* NexusConnectModels.swift */; };
		G100000330075C29006660E4 /* NexusConnectFraming.swift in Sources */ = {isa = PBXBuildFile; fileRef = G100000430075C29006660E4 /* NexusConnectFraming.swift */; };
		G100000530075C29006660E4 /* NexusConnectSecurity.swift in Sources */ = {isa = PBXBuildFile; fileRef = G100000630075C29006660E4 /* NexusConnectSecurity.swift */; };
		G100000730075C29006660E4 /* NexusConnectPolicy.swift in Sources */ = {isa = PBXBuildFile; fileRef = G100000830075C29006660E4 /* NexusConnectPolicy.swift */; };
		G100000930075C29006660E4 /* NexusConnectFoundationTests.swift in Sources */ = {isa = PBXBuildFile; fileRef = G100000A30075C29006660E4 /* NexusConnectFoundationTests.swift */; };
		H100000130075C29006660E4 /* NexusTailscaleDiscovery.swift in Sources */ = {isa = PBXBuildFile; fileRef = H100000230075C29006660E4 /* NexusTailscaleDiscovery.swift */; };
		H100000330075C29006660E4 /* NexusConnectTransport.swift in Sources */ = {isa = PBXBuildFile; fileRef = H100000430075C29006660E4 /* NexusConnectTransport.swift */; };
		H100000530075C29006660E4 /* NexusConnectCoordinator.swift in Sources */ = {isa = PBXBuildFile; fileRef = H100000630075C29006660E4 /* NexusConnectCoordinator.swift */; };
		H100000730075C29006660E4 /* NexusConnectDiscoveryTests.swift in Sources */ = {isa = PBXBuildFile; fileRef = H100000830075C29006660E4 /* NexusConnectDiscoveryTests.swift */; };
		I100000130075C29006660E4 /* NexusConnectHostServices.swift in Sources */ = {isa = PBXBuildFile; fileRef = I100000230075C29006660E4 /* NexusConnectHostServices.swift */; };
		I100000330075C29006660E4 /* NexusConnectHostServiceTests.swift in Sources */ = {isa = PBXBuildFile; fileRef = I100000430075C29006660E4 /* NexusConnectHostServiceTests.swift */; };
		J100000130075C29006660E4 /* NexusConnectSession.swift in Sources */ = {isa = PBXBuildFile; fileRef = J100000230075C29006660E4 /* NexusConnectSession.swift */; };
		J100000330075C29006660E4 /* NexusWorkloadRouter.swift in Sources */ = {isa = PBXBuildFile; fileRef = J100000430075C29006660E4 /* NexusWorkloadRouter.swift */; };
		J100000530075C29006660E4 /* NexusConnectSessionTests.swift in Sources */ = {isa = PBXBuildFile; fileRef = J100000630075C29006660E4 /* NexusConnectSessionTests.swift */; };
		K100000130075C29006660E4 /* NexusConnectController.swift in Sources */ = {isa = PBXBuildFile; fileRef = K100000230075C29006660E4 /* NexusConnectController.swift */; };
		K100000330075C29006660E4 /* NexusConnectControllerTests.swift in Sources */ = {isa = PBXBuildFile; fileRef = K100000430075C29006660E4 /* NexusConnectControllerTests.swift */; };
		L100000130075C29006660E4 /* NexusUnifiedWorkloadAPI.swift in Sources */ = {isa = PBXBuildFile; fileRef = L100000230075C29006660E4 /* NexusUnifiedWorkloadAPI.swift */; };
		L100000330075C29006660E4 /* NexusUnifiedWorkloadAPITests.swift in Sources */ = {isa = PBXBuildFile; fileRef = L100000430075C29006660E4 /* NexusUnifiedWorkloadAPITests.swift */; };
		156AB6C030075C2A006660E4 /* Assets.xcassets in Resources */ = {isa = PBXBuildFile; fileRef = 156AB6BF30075C2A006660E4 /* Assets.xcassets */; };
		156AB6C430075C2A006660E4 /* Preview Assets.xcassets in Resources */ = {isa = PBXBuildFile; fileRef = 156AB6C330075C2A006660E4 /* Preview Assets.xcassets */; };
		156AB6CE30075C2A006660E4 /* nexusTests.swift in Sources */ = {isa = PBXBuildFile; fileRef = 156AB6CD30075C2A006660E4 /* nexusTests.swift */; };
		156AB6D830075C2A006660E4 /* nexusUITests.swift in Sources */ = {isa = PBXBuildFile; fileRef = 156AB6D730075C2A006660E4 /* nexusUITests.swift */; };
		156AB6DA30075C2A006660E4 /* nexusUITestsLaunchTests.swift in Sources */ = {isa = PBXBuildFile; fileRef = 156AB6D930075C2A006660E4 /* nexusUITestsLaunchTests.swift */; };
/* End PBXBuildFile section */

/* Begin PBXContainerItemProxy section */
		156AB6CA30075C2A006660E4 /* PBXContainerItemProxy */ = {
			isa = PBXContainerItemProxy;
			containerPortal = 156AB6B030075C29006660E4 /* Project object */;
			proxyType = 1;
			remoteGlobalIDString = 156AB6B730075C29006660E4;
			remoteInfo = nexus;
		};
		156AB6D430075C2A006660E4 /* PBXContainerItemProxy */ = {
			isa = PBXContainerItemProxy;
			containerPortal = 156AB6B030075C29006660E4 /* Project object */;
			proxyType = 1;
			remoteGlobalIDString = 156AB6B730075C29006660E4;
			remoteInfo = nexus;
		};
/* End PBXContainerItemProxy section */

/* Begin PBXFileReference section */
		156AB6B830075C29006660E4 /* nexus.app */ = {isa = PBXFileReference; explicitFileType = wrapper.application; includeInIndex = 0; path = nexus.app; sourceTree = BUILT_PRODUCTS_DIR; };
		156AB6BB30075C29006660E4 /* nexusApp.swift */ = {isa = PBXFileReference; lastKnownFileType = sourcecode.swift; path = nexusApp.swift; sourceTree = "<group>"; };
		156AB6BD30075C29006660E4 /* ContentView.swift */ = {isa = PBXFileReference; lastKnownFileType = sourcecode.swift; path = ContentView.swift; sourceTree = "<group>"; };
		A100000230075C29006660E4 /* ModelAggregatorView.swift */ = {isa = PBXFileReference; lastKnownFileType = sourcecode.swift; path = ModelAggregatorView.swift; sourceTree = "<group>"; };
		A100000430075C29006660E4 /* SpeechTranscriber.swift */ = {isa = PBXFileReference; lastKnownFileType = sourcecode.swift; path = SpeechTranscriber.swift; sourceTree = "<group>"; };
		A100000630075C29006660E4 /* NotchGeometry.swift */ = {isa = PBXFileReference; lastKnownFileType = sourcecode.swift; path = NotchGeometry.swift; sourceTree = "<group>"; };
		A100000830075C29006660E4 /* NotchInteractionState.swift */ = {isa = PBXFileReference; lastKnownFileType = sourcecode.swift; path = NotchInteractionState.swift; sourceTree = "<group>"; };
		B100000230075C29006660E4 /* Models.swift */ = {isa = PBXFileReference; lastKnownFileType = sourcecode.swift; path = Models.swift; sourceTree = "<group>"; };
		B100000430075C29006660E4 /* OllamaManager.swift */ = {isa = PBXFileReference; lastKnownFileType = sourcecode.swift; path = OllamaManager.swift; sourceTree = "<group>"; };
		B100000630075C29006660E4 /* ModelDownloadViewModel.swift */ = {isa = PBXFileReference; lastKnownFileType = sourcecode.swift; path = ModelDownloadViewModel.swift; sourceTree = "<group>"; };
		B100000830075C29006660E4 /* ModelDownloadView.swift */ = {isa = PBXFileReference; lastKnownFileType = sourcecode.swift; path = ModelDownloadView.swift; sourceTree = "<group>"; };
		C100000230075C29006660E4 /* ResponseSpeaker.swift */ = {isa = PBXFileReference; lastKnownFileType = sourcecode.swift; path = ResponseSpeaker.swift; sourceTree = "<group>"; };
		D100000230075C29006660E4 /* RichMarkdownView.swift */ = {isa = PBXFileReference; lastKnownFileType = sourcecode.swift; path = RichMarkdownView.swift; sourceTree = "<group>"; };
		E100000230075C29006660E4 /* KaTeX */ = {isa = PBXFileReference; explicitFileType = folder; path = KaTeX; sourceTree = "<group>"; };
		F100000230075C29006660E4 /* PetAssets.swift */ = {isa = PBXFileReference; lastKnownFileType = sourcecode.swift; path = PetAssets.swift; sourceTree = "<group>"; };
		F100000430075C29006660E4 /* Pets */ = {isa = PBXFileReference; explicitFileType = folder; path = Pets; sourceTree = "<group>"; };
		G100000230075C29006660E4 /* NexusConnectModels.swift */ = {isa = PBXFileReference; lastKnownFileType = sourcecode.swift; path = NexusConnectModels.swift; sourceTree = "<group>"; };
		G100000430075C29006660E4 /* NexusConnectFraming.swift */ = {isa = PBXFileReference; lastKnownFileType = sourcecode.swift; path = NexusConnectFraming.swift; sourceTree = "<group>"; };
		G100000630075C29006660E4 /* NexusConnectSecurity.swift */ = {isa = PBXFileReference; lastKnownFileType = sourcecode.swift; path = NexusConnectSecurity.swift; sourceTree = "<group>"; };
		G100000830075C29006660E4 /* NexusConnectPolicy.swift */ = {isa = PBXFileReference; lastKnownFileType = sourcecode.swift; path = NexusConnectPolicy.swift; sourceTree = "<group>"; };
		G100000A30075C29006660E4 /* NexusConnectFoundationTests.swift */ = {isa = PBXFileReference; lastKnownFileType = sourcecode.swift; path = NexusConnectFoundationTests.swift; sourceTree = "<group>"; };
		H100000230075C29006660E4 /* NexusTailscaleDiscovery.swift */ = {isa = PBXFileReference; lastKnownFileType = sourcecode.swift; path = NexusTailscaleDiscovery.swift; sourceTree = "<group>"; };
		H100000430075C29006660E4 /* NexusConnectTransport.swift */ = {isa = PBXFileReference; lastKnownFileType = sourcecode.swift; path = NexusConnectTransport.swift; sourceTree = "<group>"; };
		H100000630075C29006660E4 /* NexusConnectCoordinator.swift */ = {isa = PBXFileReference; lastKnownFileType = sourcecode.swift; path = NexusConnectCoordinator.swift; sourceTree = "<group>"; };
		H100000830075C29006660E4 /* NexusConnectDiscoveryTests.swift */ = {isa = PBXFileReference; lastKnownFileType = sourcecode.swift; path = NexusConnectDiscoveryTests.swift; sourceTree = "<group>"; };
		I100000230075C29006660E4 /* NexusConnectHostServices.swift */ = {isa = PBXFileReference; lastKnownFileType = sourcecode.swift; path = NexusConnectHostServices.swift; sourceTree = "<group>"; };
		I100000430075C29006660E4 /* NexusConnectHostServiceTests.swift */ = {isa = PBXFileReference; lastKnownFileType = sourcecode.swift; path = NexusConnectHostServiceTests.swift; sourceTree = "<group>"; };
		J100000230075C29006660E4 /* NexusConnectSession.swift */ = {isa = PBXFileReference; lastKnownFileType = sourcecode.swift; path = NexusConnectSession.swift; sourceTree = "<group>"; };
		J100000430075C29006660E4 /* NexusWorkloadRouter.swift */ = {isa = PBXFileReference; lastKnownFileType = sourcecode.swift; path = NexusWorkloadRouter.swift; sourceTree = "<group>"; };
		J100000630075C29006660E4 /* NexusConnectSessionTests.swift */ = {isa = PBXFileReference; lastKnownFileType = sourcecode.swift; path = NexusConnectSessionTests.swift; sourceTree = "<group>"; };
		K100000230075C29006660E4 /* NexusConnectController.swift */ = {isa = PBXFileReference; lastKnownFileType = sourcecode.swift; path = NexusConnectController.swift; sourceTree = "<group>"; };
		K100000430075C29006660E4 /* NexusConnectControllerTests.swift */ = {isa = PBXFileReference; lastKnownFileType = sourcecode.swift; path = NexusConnectControllerTests.swift; sourceTree = "<group>"; };
		L100000230075C29006660E4 /* NexusUnifiedWorkloadAPI.swift */ = {isa = PBXFileReference; lastKnownFileType = sourcecode.swift; path = NexusUnifiedWorkloadAPI.swift; sourceTree = "<group>"; };
		L100000430075C29006660E4 /* NexusUnifiedWorkloadAPITests.swift */ = {isa = PBXFileReference; lastKnownFileType = sourcecode.swift; path = NexusUnifiedWorkloadAPITests.swift; sourceTree = "<group>"; };
		156AB6BF30075C2A006660E4 /* Assets.xcassets */ = {isa = PBXFileReference; lastKnownFileType = folder.assetcatalog; path = Assets.xcassets; sourceTree = "<group>"; };
		156AB6C130075C2A006660E4 /* nexus.entitlements */ = {isa = PBXFileReference; lastKnownFileType = text.plist.entitlements; path = nexus.entitlements; sourceTree = "<group>"; };
		156AB6C330075C2A006660E4 /* Preview Assets.xcassets */ = {isa = PBXFileReference; lastKnownFileType = folder.assetcatalog; path = "Preview Assets.xcassets"; sourceTree = "<group>"; };
		156AB6C930075C2A006660E4 /* nexusTests.xctest */ = {isa = PBXFileReference; explicitFileType = wrapper.cfbundle; includeInIndex = 0; path = nexusTests.xctest; sourceTree = BUILT_PRODUCTS_DIR; };
		156AB6CD30075C2A006660E4 /* nexusTests.swift */ = {isa = PBXFileReference; lastKnownFileType = sourcecode.swift; path = nexusTests.swift; sourceTree = "<group>"; };
		156AB6D330075C2A006660E4 /* nexusUITests.xctest */ = {isa = PBXFileReference; explicitFileType = wrapper.cfbundle; includeInIndex = 0; path = nexusUITests.xctest; sourceTree = BUILT_PRODUCTS_DIR; };
		156AB6D730075C2A006660E4 /* nexusUITests.swift */ = {isa = PBXFileReference; lastKnownFileType = sourcecode.swift; path = nexusUITests.swift; sourceTree = "<group>"; };
		156AB6D930075C2A006660E4 /* nexusUITestsLaunchTests.swift */ = {isa = PBXFileReference; lastKnownFileType = sourcecode.swift; path = nexusUITestsLaunchTests.swift; sourceTree = "<group>"; };
/* End PBXFileReference section */

/* Begin PBXFrameworksBuildPhase section */
		156AB6B530075C29006660E4 /* Frameworks */ = {
			isa = PBXFrameworksBuildPhase;
			buildActionMask = 2147483647;
			files = (
			);
			runOnlyForDeploymentPostprocessing = 0;
		};
		156AB6C630075C2A006660E4 /* Frameworks */ = {
			isa = PBXFrameworksBuildPhase;
			buildActionMask = 2147483647;
			files = (
			);
			runOnlyForDeploymentPostprocessing = 0;
		};
		156AB6D030075C2A006660E4 /* Frameworks */ = {
			isa = PBXFrameworksBuildPhase;
			buildActionMask = 2147483647;
			files = (
			);
			runOnlyForDeploymentPostprocessing = 0;
		};
/* End PBXFrameworksBuildPhase section */

/* Begin PBXGroup section */
		156AB6AF30075C29006660E4 = {
			isa = PBXGroup;
			children = (
				156AB6BA30075C29006660E4 /* nexus */,
				156AB6CC30075C2A006660E4 /* nexusTests */,
				156AB6D630075C2A006660E4 /* nexusUITests */,
				156AB6B930075C29006660E4 /* Products */,
			);
			sourceTree = "<group>";
		};
		156AB6B930075C29006660E4 /* Products */ = {
			isa = PBXGroup;
			children = (
				156AB6B830075C29006660E4 /* nexus.app */,
				156AB6C930075C2A006660E4 /* nexusTests.xctest */,
				156AB6D330075C2A006660E4 /* nexusUITests.xctest */,
			);
			name = Products;
			sourceTree = "<group>";
		};
		156AB6BA30075C29006660E4 /* nexus */ = {
			isa = PBXGroup;
			children = (
				156AB6BB30075C29006660E4 /* nexusApp.swift */,
				156AB6BD30075C29006660E4 /* ContentView.swift */,
				G100000230075C29006660E4 /* NexusConnectModels.swift */,
				G100000430075C29006660E4 /* NexusConnectFraming.swift */,
				G100000630075C29006660E4 /* NexusConnectSecurity.swift */,
				G100000830075C29006660E4 /* NexusConnectPolicy.swift */,
				H100000230075C29006660E4 /* NexusTailscaleDiscovery.swift */,
				H100000430075C29006660E4 /* NexusConnectTransport.swift */,
				H100000630075C29006660E4 /* NexusConnectCoordinator.swift */,
				I100000230075C29006660E4 /* NexusConnectHostServices.swift */,
				J100000230075C29006660E4 /* NexusConnectSession.swift */,
				J100000430075C29006660E4 /* NexusWorkloadRouter.swift */,
				K100000230075C29006660E4 /* NexusConnectController.swift */,
				L100000230075C29006660E4 /* NexusUnifiedWorkloadAPI.swift */,
				A100000230075C29006660E4 /* ModelAggregatorView.swift */,
				A100000430075C29006660E4 /* SpeechTranscriber.swift */,
				A100000630075C29006660E4 /* NotchGeometry.swift */,
				A100000830075C29006660E4 /* NotchInteractionState.swift */,
				B100000230075C29006660E4 /* Models.swift */,
				B100000430075C29006660E4 /* OllamaManager.swift */,
				B100000630075C29006660E4 /* ModelDownloadViewModel.swift */,
				B100000830075C29006660E4 /* ModelDownloadView.swift */,
				C100000230075C29006660E4 /* ResponseSpeaker.swift */,
				D100000230075C29006660E4 /* RichMarkdownView.swift */,
				E100000230075C29006660E4 /* KaTeX */,
				F100000230075C29006660E4 /* PetAssets.swift */,
				F100000430075C29006660E4 /* Pets */,
				156AB6BF30075C2A006660E4 /* Assets.xcassets */,
				156AB6C130075C2A006660E4 /* nexus.entitlements */,
				156AB6C230075C2A006660E4 /* Preview Content */,
			);
			path = nexus;
			sourceTree = "<group>";
		};
		156AB6C230075C2A006660E4 /* Preview Content */ = {
			isa = PBXGroup;
			children = (
				156AB6C330075C2A006660E4 /* Preview Assets.xcassets */,
			);
			path = "Preview Content";
			sourceTree = "<group>";
		};
		156AB6CC30075C2A006660E4 /* nexusTests */ = {
			isa = PBXGroup;
			children = (
				156AB6CD30075C2A006660E4 /* nexusTests.swift */,
				G100000A30075C29006660E4 /* NexusConnectFoundationTests.swift */,
				H100000830075C29006660E4 /* NexusConnectDiscoveryTests.swift */,
				I100000430075C29006660E4 /* NexusConnectHostServiceTests.swift */,
				J100000630075C29006660E4 /* NexusConnectSessionTests.swift */,
				K100000430075C29006660E4 /* NexusConnectControllerTests.swift */,
				L100000430075C29006660E4 /* NexusUnifiedWorkloadAPITests.swift */,
			);
			path = nexusTests;
			sourceTree = "<group>";
		};
		156AB6D630075C2A006660E4 /* nexusUITests */ = {
			isa = PBXGroup;
			children = (
				156AB6D730075C2A006660E4 /* nexusUITests.swift */,
				156AB6D930075C2A006660E4 /* nexusUITestsLaunchTests.swift */,
			);
			path = nexusUITests;
			sourceTree = "<group>";
		};
/* End PBXGroup section */

/* Begin PBXNativeTarget section */
		156AB6B730075C29006660E4 /* nexus */ = {
			isa = PBXNativeTarget;
			buildConfigurationList = 156AB6DD30075C2A006660E4 /* Build configuration list for PBXNativeTarget "nexus" */;
			buildPhases = (
				156AB6B430075C29006660E4 /* Sources */,
				156AB6B530075C29006660E4 /* Frameworks */,
				156AB6B630075C29006660E4 /* Resources */,
			);
			buildRules = (
			);
			dependencies = (
			);
			name = nexus;
			productName = nexus;
			productReference = 156AB6B830075C29006660E4 /* nexus.app */;
			productType = "com.apple.product-type.application";
		};
		156AB6C830075C2A006660E4 /* nexusTests */ = {
			isa = PBXNativeTarget;
			buildConfigurationList = 156AB6E030075C2A006660E4 /* Build configuration list for PBXNativeTarget "nexusTests" */;
			buildPhases = (
				156AB6C530075C2A006660E4 /* Sources */,
				156AB6C630075C2A006660E4 /* Frameworks */,
				156AB6C730075C2A006660E4 /* Resources */,
			);
			buildRules = (
			);
			dependencies = (
				156AB6CB30075C2A006660E4 /* PBXTargetDependency */,
			);
			name = nexusTests;
			productName = nexusTests;
			productReference = 156AB6C930075C2A006660E4 /* nexusTests.xctest */;
			productType = "com.apple.product-type.bundle.unit-test";
		};
		156AB6D230075C2A006660E4 /* nexusUITests */ = {
			isa = PBXNativeTarget;
			buildConfigurationList = 156AB6E330075C2A006660E4 /* Build configuration list for PBXNativeTarget "nexusUITests" */;
			buildPhases = (
				156AB6CF30075C2A006660E4 /* Sources */,
				156AB6D030075C2A006660E4 /* Frameworks */,
				156AB6D130075C2A006660E4 /* Resources */,
			);
			buildRules = (
			);
			dependencies = (
				156AB6D530075C2A006660E4 /* PBXTargetDependency */,
			);
			name = nexusUITests;
			productName = nexusUITests;
			productReference = 156AB6D330075C2A006660E4 /* nexusUITests.xctest */;
			productType = "com.apple.product-type.bundle.ui-testing";
		};
/* End PBXNativeTarget section */

/* Begin PBXProject section */
		156AB6B030075C29006660E4 /* Project object */ = {
			isa = PBXProject;
			attributes = {
				BuildIndependentTargetsInParallel = 1;
				LastSwiftUpdateCheck = 1540;
				LastUpgradeCheck = 1540;
				TargetAttributes = {
					156AB6B730075C29006660E4 = {
						CreatedOnToolsVersion = 15.4;
					};
					156AB6C830075C2A006660E4 = {
						CreatedOnToolsVersion = 15.4;
						TestTargetID = 156AB6B730075C29006660E4;
					};
					156AB6D230075C2A006660E4 = {
						CreatedOnToolsVersion = 15.4;
						TestTargetID = 156AB6B730075C29006660E4;
					};
				};
			};
			buildConfigurationList = 156AB6B330075C29006660E4 /* Build configuration list for PBXProject "nexus" */;
			compatibilityVersion = "Xcode 14.0";
			developmentRegion = en;
			hasScannedForEncodings = 0;
			knownRegions = (
				en,
				Base,
			);
			mainGroup = 156AB6AF30075C29006660E4;
			productRefGroup = 156AB6B930075C29006660E4 /* Products */;
			projectDirPath = "";
			projectRoot = "";
			targets = (
				156AB6B730075C29006660E4 /* nexus */,
				156AB6C830075C2A006660E4 /* nexusTests */,
				156AB6D230075C2A006660E4 /* nexusUITests */,
			);
		};
/* End PBXProject section */

/* Begin PBXResourcesBuildPhase section */
		156AB6B630075C29006660E4 /* Resources */ = {
			isa = PBXResourcesBuildPhase;
			buildActionMask = 2147483647;
			files = (
				E100000130075C29006660E4 /* KaTeX in Resources */,
				F100000330075C29006660E4 /* Pets in Resources */,
				156AB6C430075C2A006660E4 /* Preview Assets.xcassets in Resources */,
				156AB6C030075C2A006660E4 /* Assets.xcassets in Resources */,
			);
			runOnlyForDeploymentPostprocessing = 0;
		};
		156AB6C730075C2A006660E4 /* Resources */ = {
			isa = PBXResourcesBuildPhase;
			buildActionMask = 2147483647;
			files = (
			);
			runOnlyForDeploymentPostprocessing = 0;
		};
		156AB6D130075C2A006660E4 /* Resources */ = {
			isa = PBXResourcesBuildPhase;
			buildActionMask = 2147483647;
			files = (
			);
			runOnlyForDeploymentPostprocessing = 0;
		};
/* End PBXResourcesBuildPhase section */

/* Begin PBXSourcesBuildPhase section */
		156AB6B430075C29006660E4 /* Sources */ = {
			isa = PBXSourcesBuildPhase;
			buildActionMask = 2147483647;
			files = (
				156AB6BE30075C29006660E4 /* ContentView.swift in Sources */,
				156AB6BC30075C29006660E4 /* nexusApp.swift in Sources */,
				G100000130075C29006660E4 /* NexusConnectModels.swift in Sources */,
				G100000330075C29006660E4 /* NexusConnectFraming.swift in Sources */,
				G100000530075C29006660E4 /* NexusConnectSecurity.swift in Sources */,
				G100000730075C29006660E4 /* NexusConnectPolicy.swift in Sources */,
				H100000130075C29006660E4 /* NexusTailscaleDiscovery.swift in Sources */,
				H100000330075C29006660E4 /* NexusConnectTransport.swift in Sources */,
				H100000530075C29006660E4 /* NexusConnectCoordinator.swift in Sources */,
				I100000130075C29006660E4 /* NexusConnectHostServices.swift in Sources */,
				J100000130075C29006660E4 /* NexusConnectSession.swift in Sources */,
				J100000330075C29006660E4 /* NexusWorkloadRouter.swift in Sources */,
				K100000130075C29006660E4 /* NexusConnectController.swift in Sources */,
				L100000130075C29006660E4 /* NexusUnifiedWorkloadAPI.swift in Sources */,
				A100000130075C29006660E4 /* ModelAggregatorView.swift in Sources */,
				A100000330075C29006660E4 /* SpeechTranscriber.swift in Sources */,
				A100000530075C29006660E4 /* NotchGeometry.swift in Sources */,
				A100000730075C29006660E4 /* NotchInteractionState.swift in Sources */,
				B100000130075C29006660E4 /* Models.swift in Sources */,
				B100000330075C29006660E4 /* OllamaManager.swift in Sources */,
				B100000530075C29006660E4 /* ModelDownloadViewModel.swift in Sources */,
				B100000730075C29006660E4 /* ModelDownloadView.swift in Sources */,
				C100000130075C29006660E4 /* ResponseSpeaker.swift in Sources */,
				D100000130075C29006660E4 /* RichMarkdownView.swift in Sources */,
				F100000130075C29006660E4 /* PetAssets.swift in Sources */,
			);
			runOnlyForDeploymentPostprocessing = 0;
		};
		156AB6C530075C2A006660E4 /* Sources */ = {
			isa = PBXSourcesBuildPhase;
			buildActionMask = 2147483647;
			files = (
				156AB6CE30075C2A006660E4 /* nexusTests.swift in Sources */,
				G100000930075C29006660E4 /* NexusConnectFoundationTests.swift in Sources */,
				H100000730075C29006660E4 /* NexusConnectDiscoveryTests.swift in Sources */,
				I100000330075C29006660E4 /* NexusConnectHostServiceTests.swift in Sources */,
				J100000530075C29006660E4 /* NexusConnectSessionTests.swift in Sources */,
				K100000330075C29006660E4 /* NexusConnectControllerTests.swift in Sources */,
				L100000330075C29006660E4 /* NexusUnifiedWorkloadAPITests.swift in Sources */,
			);
			runOnlyForDeploymentPostprocessing = 0;
		};
		156AB6CF30075C2A006660E4 /* Sources */ = {
			isa = PBXSourcesBuildPhase;
			buildActionMask = 2147483647;
			files = (
				156AB6DA30075C2A006660E4 /* nexusUITestsLaunchTests.swift in Sources */,
				156AB6D830075C2A006660E4 /* nexusUITests.swift in Sources */,
			);
			runOnlyForDeploymentPostprocessing = 0;
		};
/* End PBXSourcesBuildPhase section */

/* Begin PBXTargetDependency section */
		156AB6CB30075C2A006660E4 /* PBXTargetDependency */ = {
			isa = PBXTargetDependency;
			target = 156AB6B730075C29006660E4 /* nexus */;
			targetProxy = 156AB6CA30075C2A006660E4 /* PBXContainerItemProxy */;
		};
		156AB6D530075C2A006660E4 /* PBXTargetDependency */ = {
			isa = PBXTargetDependency;
			target = 156AB6B730075C29006660E4 /* nexus */;
			targetProxy = 156AB6D430075C2A006660E4 /* PBXContainerItemProxy */;
		};
/* End PBXTargetDependency section */

/* Begin XCBuildConfiguration section */
		156AB6DB30075C2A006660E4 /* Debug */ = {
			isa = XCBuildConfiguration;
			buildSettings = {
				ALWAYS_SEARCH_USER_PATHS = NO;
				ASSETCATALOG_COMPILER_GENERATE_SWIFT_ASSET_SYMBOL_EXTENSIONS = YES;
				CLANG_ANALYZER_NONNULL = YES;
				CLANG_ANALYZER_NUMBER_OBJECT_CONVERSION = YES_AGGRESSIVE;
				CLANG_CXX_LANGUAGE_STANDARD = "gnu++20";
				CLANG_ENABLE_MODULES = YES;
				CLANG_ENABLE_OBJC_ARC = YES;
				CLANG_ENABLE_OBJC_WEAK = YES;
				CLANG_WARN_BLOCK_CAPTURE_AUTORELEASING = YES;
				CLANG_WARN_BOOL_CONVERSION = YES;
				CLANG_WARN_COMMA = YES;
				CLANG_WARN_CONSTANT_CONVERSION = YES;
				CLANG_WARN_DEPRECATED_OBJC_IMPLEMENTATIONS = YES;
				CLANG_WARN_DIRECT_OBJC_ISA_USAGE = YES_ERROR;
				CLANG_WARN_DOCUMENTATION_COMMENTS = YES;
				CLANG_WARN_EMPTY_BODY = YES;
				CLANG_WARN_ENUM_CONVERSION = YES;
				CLANG_WARN_INFINITE_RECURSION = YES;
				CLANG_WARN_INT_CONVERSION = YES;
				CLANG_WARN_NON_LITERAL_NULL_CONVERSION = YES;
				CLANG_WARN_OBJC_IMPLICIT_RETAIN_SELF = YES;
				CLANG_WARN_OBJC_LITERAL_CONVERSION = YES;
				CLANG_WARN_OBJC_ROOT_CLASS = YES_ERROR;
				CLANG_WARN_QUOTED_INCLUDE_IN_FRAMEWORK_HEADER = YES;
				CLANG_WARN_RANGE_LOOP_ANALYSIS = YES;
				CLANG_WARN_STRICT_PROTOTYPES = YES;
				CLANG_WARN_SUSPICIOUS_MOVE = YES;
				CLANG_WARN_UNGUARDED_AVAILABILITY = YES_AGGRESSIVE;
				CLANG_WARN_UNREACHABLE_CODE = YES;
				CLANG_WARN__DUPLICATE_METHOD_MATCH = YES;
				COPY_PHASE_STRIP = NO;
				DEBUG_INFORMATION_FORMAT = dwarf;
				ENABLE_STRICT_OBJC_MSGSEND = YES;
				ENABLE_TESTABILITY = YES;
				ENABLE_USER_SCRIPT_SANDBOXING = YES;
				GCC_C_LANGUAGE_STANDARD = gnu17;
				GCC_DYNAMIC_NO_PIC = NO;
				GCC_NO_COMMON_BLOCKS = YES;
				GCC_OPTIMIZATION_LEVEL = 0;
				GCC_PREPROCESSOR_DEFINITIONS = (
					"DEBUG=1",
					"$(inherited)",
				);
				GCC_WARN_64_TO_32_BIT_CONVERSION = YES;
				GCC_WARN_ABOUT_RETURN_TYPE = YES_ERROR;
				GCC_WARN_UNDECLARED_SELECTOR = YES;
				GCC_WARN_UNINITIALIZED_AUTOS = YES_AGGRESSIVE;
				GCC_WARN_UNUSED_FUNCTION = YES;
				GCC_WARN_UNUSED_VARIABLE = YES;
				LOCALIZATION_PREFERS_STRING_CATALOGS = YES;
				MTL_ENABLE_DEBUG_INFO = INCLUDE_SOURCE;
				MTL_FAST_MATH = YES;
				ONLY_ACTIVE_ARCH = YES;
				SWIFT_ACTIVE_COMPILATION_CONDITIONS = "DEBUG $(inherited)";
				SWIFT_OPTIMIZATION_LEVEL = "-Onone";
			};
			name = Debug;
		};
		156AB6DC30075C2A006660E4 /* Release */ = {
			isa = XCBuildConfiguration;
			buildSettings = {
				ALWAYS_SEARCH_USER_PATHS = NO;
				ASSETCATALOG_COMPILER_GENERATE_SWIFT_ASSET_SYMBOL_EXTENSIONS = YES;
				CLANG_ANALYZER_NONNULL = YES;
				CLANG_ANALYZER_NUMBER_OBJECT_CONVERSION = YES_AGGRESSIVE;
				CLANG_CXX_LANGUAGE_STANDARD = "gnu++20";
				CLANG_ENABLE_MODULES = YES;
				CLANG_ENABLE_OBJC_ARC = YES;
				CLANG_ENABLE_OBJC_WEAK = YES;
				CLANG_WARN_BLOCK_CAPTURE_AUTORELEASING = YES;
				CLANG_WARN_BOOL_CONVERSION = YES;
				CLANG_WARN_COMMA = YES;
				CLANG_WARN_CONSTANT_CONVERSION = YES;
				CLANG_WARN_DEPRECATED_OBJC_IMPLEMENTATIONS = YES;
				CLANG_WARN_DIRECT_OBJC_ISA_USAGE = YES_ERROR;
				CLANG_WARN_DOCUMENTATION_COMMENTS = YES;
				CLANG_WARN_EMPTY_BODY = YES;
				CLANG_WARN_ENUM_CONVERSION = YES;
				CLANG_WARN_INFINITE_RECURSION = YES;
				CLANG_WARN_INT_CONVERSION = YES;
				CLANG_WARN_NON_LITERAL_NULL_CONVERSION = YES;
				CLANG_WARN_OBJC_IMPLICIT_RETAIN_SELF = YES;
				CLANG_WARN_OBJC_LITERAL_CONVERSION = YES;
				CLANG_WARN_OBJC_ROOT_CLASS = YES_ERROR;
				CLANG_WARN_QUOTED_INCLUDE_IN_FRAMEWORK_HEADER = YES;
				CLANG_WARN_RANGE_LOOP_ANALYSIS = YES;
				CLANG_WARN_STRICT_PROTOTYPES = YES;
				CLANG_WARN_SUSPICIOUS_MOVE = YES;
				CLANG_WARN_UNGUARDED_AVAILABILITY = YES_AGGRESSIVE;
				CLANG_WARN_UNREACHABLE_CODE = YES;
				CLANG_WARN__DUPLICATE_METHOD_MATCH = YES;
				COPY_PHASE_STRIP = NO;
				DEBUG_INFORMATION_FORMAT = "dwarf-with-dsym";
				ENABLE_NS_ASSERTIONS = NO;
				ENABLE_STRICT_OBJC_MSGSEND = YES;
				ENABLE_USER_SCRIPT_SANDBOXING = YES;
				GCC_C_LANGUAGE_STANDARD = gnu17;
				GCC_NO_COMMON_BLOCKS = YES;
				GCC_WARN_64_TO_32_BIT_CONVERSION = YES;
				GCC_WARN_ABOUT_RETURN_TYPE = YES_ERROR;
				GCC_WARN_UNDECLARED_SELECTOR = YES;
				GCC_WARN_UNINITIALIZED_AUTOS = YES_AGGRESSIVE;
				GCC_WARN_UNUSED_FUNCTION = YES;
				GCC_WARN_UNUSED_VARIABLE = YES;
				LOCALIZATION_PREFERS_STRING_CATALOGS = YES;
				MTL_ENABLE_DEBUG_INFO = NO;
				MTL_FAST_MATH = YES;
				SWIFT_COMPILATION_MODE = wholemodule;
			};
			name = Release;
		};
		156AB6DE30075C2A006660E4 /* Debug */ = {
			isa = XCBuildConfiguration;
			buildSettings = {
				ASSETCATALOG_COMPILER_APPICON_NAME = AppIcon;
				ASSETCATALOG_COMPILER_GLOBAL_ACCENT_COLOR_NAME = AccentColor;
				CODE_SIGN_ENTITLEMENTS = nexus/nexus.entitlements;
				CODE_SIGN_STYLE = Automatic;
				CURRENT_PROJECT_VERSION = 1;
				DEVELOPMENT_ASSET_PATHS = "\"nexus/Preview Content\"";
				ENABLE_PREVIEWS = YES;
				GENERATE_INFOPLIST_FILE = NO;
				INFOPLIST_FILE = Info.plist;
				INFOPLIST_KEY_NSMicrophoneUsageDescription = "Nexus uses the microphone while you hold the dictation hotkey.";
				INFOPLIST_KEY_NSSpeechRecognitionUsageDescription = "Nexus converts your dictated speech into the transcript shown below the notch.";
				"INFOPLIST_KEY_UIApplicationSceneManifest_Generation[sdk=iphoneos*]" = YES;
				"INFOPLIST_KEY_UIApplicationSceneManifest_Generation[sdk=iphonesimulator*]" = YES;
				"INFOPLIST_KEY_UIApplicationSupportsIndirectInputEvents[sdk=iphoneos*]" = YES;
				"INFOPLIST_KEY_UIApplicationSupportsIndirectInputEvents[sdk=iphonesimulator*]" = YES;
				"INFOPLIST_KEY_UILaunchScreen_Generation[sdk=iphoneos*]" = YES;
				"INFOPLIST_KEY_UILaunchScreen_Generation[sdk=iphonesimulator*]" = YES;
				"INFOPLIST_KEY_UIStatusBarStyle[sdk=iphoneos*]" = UIStatusBarStyleDefault;
				"INFOPLIST_KEY_UIStatusBarStyle[sdk=iphonesimulator*]" = UIStatusBarStyleDefault;
				INFOPLIST_KEY_UISupportedInterfaceOrientations_iPad = "UIInterfaceOrientationPortrait UIInterfaceOrientationPortraitUpsideDown UIInterfaceOrientationLandscapeLeft UIInterfaceOrientationLandscapeRight";
				INFOPLIST_KEY_UISupportedInterfaceOrientations_iPhone = "UIInterfaceOrientationPortrait UIInterfaceOrientationLandscapeLeft UIInterfaceOrientationLandscapeRight";
				IPHONEOS_DEPLOYMENT_TARGET = 17.5;
				LD_RUNPATH_SEARCH_PATHS = "@executable_path/Frameworks";
				"LD_RUNPATH_SEARCH_PATHS[sdk=macosx*]" = "@executable_path/../Frameworks";
				MACOSX_DEPLOYMENT_TARGET = 14.2;
				MARKETING_VERSION = 1.0;
				PRODUCT_BUNDLE_IDENTIFIER = na.nexus;
				PRODUCT_NAME = "$(TARGET_NAME)";
				SDKROOT = auto;
				SUPPORTED_PLATFORMS = "iphoneos iphonesimulator macosx";
				SWIFT_EMIT_LOC_STRINGS = YES;
				SWIFT_VERSION = 5.0;
				TARGETED_DEVICE_FAMILY = "1,2";
			};
			name = Debug;
		};
		156AB6DF30075C2A006660E4 /* Release */ = {
			isa = XCBuildConfiguration;
			buildSettings = {
				ASSETCATALOG_COMPILER_APPICON_NAME = AppIcon;
				ASSETCATALOG_COMPILER_GLOBAL_ACCENT_COLOR_NAME = AccentColor;
				CODE_SIGN_ENTITLEMENTS = nexus/nexus.entitlements;
				CODE_SIGN_STYLE = Automatic;
				CURRENT_PROJECT_VERSION = 1;
				DEVELOPMENT_ASSET_PATHS = "\"nexus/Preview Content\"";
				ENABLE_PREVIEWS = YES;
				GENERATE_INFOPLIST_FILE = NO;
				INFOPLIST_FILE = Info.plist;
				INFOPLIST_KEY_NSMicrophoneUsageDescription = "Nexus uses the microphone while you hold the dictation hotkey.";
				INFOPLIST_KEY_NSSpeechRecognitionUsageDescription = "Nexus converts your dictated speech into the transcript shown below the notch.";
				"INFOPLIST_KEY_UIApplicationSceneManifest_Generation[sdk=iphoneos*]" = YES;
				"INFOPLIST_KEY_UIApplicationSceneManifest_Generation[sdk=iphonesimulator*]" = YES;
				"INFOPLIST_KEY_UIApplicationSupportsIndirectInputEvents[sdk=iphoneos*]" = YES;
				"INFOPLIST_KEY_UIApplicationSupportsIndirectInputEvents[sdk=iphonesimulator*]" = YES;
				"INFOPLIST_KEY_UILaunchScreen_Generation[sdk=iphoneos*]" = YES;
				"INFOPLIST_KEY_UILaunchScreen_Generation[sdk=iphonesimulator*]" = YES;
				"INFOPLIST_KEY_UIStatusBarStyle[sdk=iphoneos*]" = UIStatusBarStyleDefault;
				"INFOPLIST_KEY_UIStatusBarStyle[sdk=iphonesimulator*]" = UIStatusBarStyleDefault;
				INFOPLIST_KEY_UISupportedInterfaceOrientations_iPad = "UIInterfaceOrientationPortrait UIInterfaceOrientationPortraitUpsideDown UIInterfaceOrientationLandscapeLeft UIInterfaceOrientationLandscapeRight";
				INFOPLIST_KEY_UISupportedInterfaceOrientations_iPhone = "UIInterfaceOrientationPortrait UIInterfaceOrientationLandscapeLeft UIInterfaceOrientationLandscapeRight";
				IPHONEOS_DEPLOYMENT_TARGET = 17.5;
				LD_RUNPATH_SEARCH_PATHS = "@executable_path/Frameworks";
				"LD_RUNPATH_SEARCH_PATHS[sdk=macosx*]" = "@executable_path/../Frameworks";
				MACOSX_DEPLOYMENT_TARGET = 14.2;
				MARKETING_VERSION = 1.0;
				PRODUCT_BUNDLE_IDENTIFIER = na.nexus;
				PRODUCT_NAME = "$(TARGET_NAME)";
				SDKROOT = auto;
				SUPPORTED_PLATFORMS = "iphoneos iphonesimulator macosx";
				SWIFT_EMIT_LOC_STRINGS = YES;
				SWIFT_VERSION = 5.0;
				TARGETED_DEVICE_FAMILY = "1,2";
			};
			name = Release;
		};
		156AB6E130075C2A006660E4 /* Debug */ = {
			isa = XCBuildConfiguration;
			buildSettings = {
				ALWAYS_EMBED_SWIFT_STANDARD_LIBRARIES = YES;
				BUNDLE_LOADER = "$(TEST_HOST)";
				CODE_SIGN_STYLE = Automatic;
				CURRENT_PROJECT_VERSION = 1;
				GENERATE_INFOPLIST_FILE = YES;
				IPHONEOS_DEPLOYMENT_TARGET = 17.5;
				MACOSX_DEPLOYMENT_TARGET = 14.2;
				MARKETING_VERSION = 1.0;
				PRODUCT_BUNDLE_IDENTIFIER = na.nexusTests;
				PRODUCT_NAME = "$(TARGET_NAME)";
				SDKROOT = auto;
				SUPPORTED_PLATFORMS = "iphoneos iphonesimulator macosx";
				SWIFT_EMIT_LOC_STRINGS = NO;
				SWIFT_VERSION = 5.0;
				TARGETED_DEVICE_FAMILY = "1,2";
				TEST_HOST = "$(BUILT_PRODUCTS_DIR)/nexus.app/$(BUNDLE_EXECUTABLE_FOLDER_PATH)/nexus";
			};
			name = Debug;
		};
		156AB6E230075C2A006660E4 /* Release */ = {
			isa = XCBuildConfiguration;
			buildSettings = {
				ALWAYS_EMBED_SWIFT_STANDARD_LIBRARIES = YES;
				BUNDLE_LOADER = "$(TEST_HOST)";
				CODE_SIGN_STYLE = Automatic;
				CURRENT_PROJECT_VERSION = 1;
				GENERATE_INFOPLIST_FILE = YES;
				IPHONEOS_DEPLOYMENT_TARGET = 17.5;
				MACOSX_DEPLOYMENT_TARGET = 14.2;
				MARKETING_VERSION = 1.0;
				PRODUCT_BUNDLE_IDENTIFIER = na.nexusTests;
				PRODUCT_NAME = "$(TARGET_NAME)";
				SDKROOT = auto;
				SUPPORTED_PLATFORMS = "iphoneos iphonesimulator macosx";
				SWIFT_EMIT_LOC_STRINGS = NO;
				SWIFT_VERSION = 5.0;
				TARGETED_DEVICE_FAMILY = "1,2";
				TEST_HOST = "$(BUILT_PRODUCTS_DIR)/nexus.app/$(BUNDLE_EXECUTABLE_FOLDER_PATH)/nexus";
			};
			name = Release;
		};
		156AB6E430075C2A006660E4 /* Debug */ = {
			isa = XCBuildConfiguration;
			buildSettings = {
				ALWAYS_EMBED_SWIFT_STANDARD_LIBRARIES = YES;
				CODE_SIGN_STYLE = Automatic;
				CURRENT_PROJECT_VERSION = 1;
				GENERATE_INFOPLIST_FILE = YES;
				IPHONEOS_DEPLOYMENT_TARGET = 17.5;
				MACOSX_DEPLOYMENT_TARGET = 14.2;
				MARKETING_VERSION = 1.0;
				PRODUCT_BUNDLE_IDENTIFIER = na.nexusUITests;
				PRODUCT_NAME = "$(TARGET_NAME)";
				SDKROOT = auto;
				SUPPORTED_PLATFORMS = "iphoneos iphonesimulator macosx";
				SWIFT_EMIT_LOC_STRINGS = NO;
				SWIFT_VERSION = 5.0;
				TARGETED_DEVICE_FAMILY = "1,2";
				TEST_TARGET_NAME = nexus;
			};
			name = Debug;
		};
		156AB6E530075C2A006660E4 /* Release */ = {
			isa = XCBuildConfiguration;
			buildSettings = {
				ALWAYS_EMBED_SWIFT_STANDARD_LIBRARIES = YES;
				CODE_SIGN_STYLE = Automatic;
				CURRENT_PROJECT_VERSION = 1;
				GENERATE_INFOPLIST_FILE = YES;
				IPHONEOS_DEPLOYMENT_TARGET = 17.5;
				MACOSX_DEPLOYMENT_TARGET = 14.2;
				MARKETING_VERSION = 1.0;
				PRODUCT_BUNDLE_IDENTIFIER = na.nexusUITests;
				PRODUCT_NAME = "$(TARGET_NAME)";
				SDKROOT = auto;
				SUPPORTED_PLATFORMS = "iphoneos iphonesimulator macosx";
				SWIFT_EMIT_LOC_STRINGS = NO;
				SWIFT_VERSION = 5.0;
				TARGETED_DEVICE_FAMILY = "1,2";
				TEST_TARGET_NAME = nexus;
			};
			name = Release;
		};
/* End XCBuildConfiguration section */

/* Begin XCConfigurationList section */
		156AB6B330075C29006660E4 /* Build configuration list for PBXProject "nexus" */ = {
			isa = XCConfigurationList;
			buildConfigurations = (
				156AB6DB30075C2A006660E4 /* Debug */,
				156AB6DC30075C2A006660E4 /* Release */,
			);
			defaultConfigurationIsVisible = 0;
			defaultConfigurationName = Release;
		};
		156AB6DD30075C2A006660E4 /* Build configuration list for PBXNativeTarget "nexus" */ = {
			isa = XCConfigurationList;
			buildConfigurations = (
				156AB6DE30075C2A006660E4 /* Debug */,
				156AB6DF30075C2A006660E4 /* Release */,
			);
			defaultConfigurationIsVisible = 0;
			defaultConfigurationName = Release;
		};
		156AB6E030075C2A006660E4 /* Build configuration list for PBXNativeTarget "nexusTests" */ = {
			isa = XCConfigurationList;
			buildConfigurations = (
				156AB6E130075C2A006660E4 /* Debug */,
				156AB6E230075C2A006660E4 /* Release */,
			);
			defaultConfigurationIsVisible = 0;
			defaultConfigurationName = Release;
		};
		156AB6E330075C2A006660E4 /* Build configuration list for PBXNativeTarget "nexusUITests" */ = {
			isa = XCConfigurationList;
			buildConfigurations = (
				156AB6E430075C2A006660E4 /* Debug */,
				156AB6E530075C2A006660E4 /* Release */,
			);
			defaultConfigurationIsVisible = 0;
			defaultConfigurationName = Release;
		};
/* End XCConfigurationList section */
	};
	rootObject = 156AB6B030075C29006660E4 /* Project object */;
}
